<?xml version="1.0" encoding="UTF-8"?>
<!DOCTYPE plist PUBLIC "-//Apple//DTD PLIST 1.0//EN" "http://www.apple.com/DTDs/PropertyList-1.0.dtd">
<plist version="1.0">
<dict>
	<key>archiveVersion</key>
	<string>1</string>
	<key>classes</key>
	<dict/>
	<key>objectVersion</key>
	<string>46</string>
	<key>objects</key>
	<dict>
		<key>021A7D97EAF74EE2839B1EAF</key>
		<dict>
			<key>explicitFileType</key>
			<string>archive.ar</string>
			<key>includeInIndex</key>
			<string>0</string>
			<key>isa</key>
			<string>PBXFileReference</string>
			<key>path</key>
			<string>libPods.a</string>
			<key>sourceTree</key>
			<string>BUILT_PRODUCTS_DIR</string>
		</dict>
		<key>02C3FEF678A742628EDA3B4C</key>
		<dict>
			<key>includeInIndex</key>
			<string>1</string>
			<key>isa</key>
			<string>PBXFileReference</string>
			<key>lastKnownFileType</key>
			<string>text.xcconfig</string>
			<key>name</key>
			<string>Pods.xcconfig</string>
			<key>path</key>
			<string>Pods/Pods.xcconfig</string>
			<key>sourceTree</key>
			<string>&lt;group&gt;</string>
		</dict>
		<key>2CE8F76154FD4914A4B36001</key>
		<dict>
			<key>buildActionMask</key>
			<string>2147483647</string>
			<key>files</key>
			<array/>
			<key>inputPaths</key>
			<array/>
			<key>isa</key>
			<string>PBXShellScriptBuildPhase</string>
			<key>name</key>
			<string>Check Pods Manifest.lock</string>
			<key>outputPaths</key>
			<array/>
			<key>runOnlyForDeploymentPostprocessing</key>
			<string>0</string>
			<key>shellPath</key>
			<string>/bin/sh</string>
			<key>shellScript</key>
			<string>diff "${PODS_ROOT}/../Podfile.lock" "${PODS_ROOT}/Manifest.lock" &gt; /dev/null
if [[ $? != 0 ]] ; then
    cat &lt;&lt; EOM
error: The sandbox is not in sync with the Podfile.lock. Run 'pod install' or update your CocoaPods installation.
EOM
    exit 1
fi
</string>
			<key>showEnvVarsInLog</key>
			<string>0</string>
		</dict>
		<key>8A0F707C18F0E6D000D5732C</key>
		<dict>
			<key>isa</key>
			<string>PBXFileReference</string>
			<key>lastKnownFileType</key>
			<string>text.xml</string>
			<key>path</key>
			<string>OweIt.entitlements</string>
			<key>sourceTree</key>
			<string>SOURCE_ROOT</string>
		</dict>
		<key>8A0F707D18F0E98300D5732C</key>
		<dict>
			<key>fileEncoding</key>
			<string>4</string>
			<key>isa</key>
			<string>PBXFileReference</string>
			<key>lastKnownFileType</key>
			<string>sourcecode.c.h</string>
			<key>path</key>
			<string>PersistentStack.h</string>
			<key>sourceTree</key>
			<string>&lt;group&gt;</string>
		</dict>
		<key>8A0F707E18F0E98300D5732C</key>
		<dict>
			<key>fileEncoding</key>
			<string>4</string>
			<key>isa</key>
			<string>PBXFileReference</string>
			<key>lastKnownFileType</key>
			<string>sourcecode.c.objc</string>
			<key>path</key>
			<string>PersistentStack.m</string>
			<key>sourceTree</key>
			<string>&lt;group&gt;</string>
		</dict>
		<key>8A0F707F18F0E98300D5732C</key>
		<dict>
			<key>fileRef</key>
			<string>8A0F707E18F0E98300D5732C</string>
			<key>isa</key>
			<string>PBXBuildFile</string>
		</dict>
		<key>8A0F708018F0EE4D00D5732C</key>
		<dict>
			<key>fileEncoding</key>
			<string>4</string>
			<key>isa</key>
			<string>PBXFileReference</string>
			<key>lastKnownFileType</key>
			<string>sourcecode.c.h</string>
			<key>path</key>
			<string>TDSemiModal.h</string>
			<key>sourceTree</key>
			<string>&lt;group&gt;</string>
		</dict>
		<key>8A0F708118F0EE6900D5732C</key>
		<dict>
			<key>fileEncoding</key>
			<string>4</string>
			<key>isa</key>
			<string>PBXFileReference</string>
			<key>lastKnownFileType</key>
			<string>sourcecode.c.h</string>
			<key>path</key>
			<string>TDSemiModalViewController.h</string>
			<key>sourceTree</key>
			<string>&lt;group&gt;</string>
		</dict>
		<key>8A0F708218F0EE7100D5732C</key>
		<dict>
			<key>fileEncoding</key>
			<string>4</string>
			<key>isa</key>
			<string>PBXFileReference</string>
			<key>lastKnownFileType</key>
			<string>sourcecode.c.objc</string>
			<key>path</key>
			<string>TDSemiModalViewController.m</string>
			<key>sourceTree</key>
			<string>&lt;group&gt;</string>
		</dict>
		<key>8A0F708318F0EE7100D5732C</key>
		<dict>
			<key>fileEncoding</key>
			<string>4</string>
			<key>isa</key>
			<string>PBXFileReference</string>
			<key>lastKnownFileType</key>
			<string>sourcecode.c.h</string>
			<key>path</key>
			<string>UIViewController+TDSemiModalExtension.h</string>
			<key>sourceTree</key>
			<string>&lt;group&gt;</string>
		</dict>
		<key>8A0F708418F0EE7100D5732C</key>
		<dict>
			<key>fileEncoding</key>
			<string>4</string>
			<key>isa</key>
			<string>PBXFileReference</string>
			<key>lastKnownFileType</key>
			<string>sourcecode.c.objc</string>
			<key>path</key>
			<string>UIViewController+TDSemiModalExtension.m</string>
			<key>sourceTree</key>
			<string>&lt;group&gt;</string>
		</dict>
		<key>8A0F708518F0EE7100D5732C</key>
		<dict>
			<key>fileRef</key>
			<string>8A0F708218F0EE7100D5732C</string>
			<key>isa</key>
			<string>PBXBuildFile</string>
		</dict>
		<key>8A0F708618F0EE7100D5732C</key>
		<dict>
			<key>fileRef</key>
			<string>8A0F708418F0EE7100D5732C</string>
			<key>isa</key>
			<string>PBXBuildFile</string>
		</dict>
		<key>8A0F708E18F0FBA500D5732C</key>
		<dict>
			<key>fileEncoding</key>
			<string>4</string>
			<key>isa</key>
			<string>PBXFileReference</string>
			<key>lastKnownFileType</key>
			<string>file.xib</string>
			<key>name</key>
			<string>TDSemiModalViewController.xib</string>
			<key>path</key>
			<string>../TDSemiModalViewController.xib</string>
			<key>sourceTree</key>
			<string>&lt;group&gt;</string>
		</dict>
		<key>8A0F708F18F0FBA500D5732C</key>
		<dict>
			<key>fileRef</key>
			<string>8A0F708E18F0FBA500D5732C</string>
			<key>isa</key>
			<string>PBXBuildFile</string>
		</dict>
		<key>8A0F709018F1B92800D5732C</key>
		<dict>
			<key>children</key>
			<array>
				<string>8A0F70A718F1D52900D5732C</string>
				<string>8A0F70A818F1D52900D5732C</string>
				<string>8A0F70AB18F1D57D00D5732C</string>
				<string>8A0F708118F0EE6900D5732C</string>
				<string>8A0F708218F0EE7100D5732C</string>
				<string>8A0F708E18F0FBA500D5732C</string>
			</array>
			<key>isa</key>
			<string>PBXGroup</string>
			<key>name</key>
			<string>Modal View Controllers</string>
			<key>sourceTree</key>
			<string>&lt;group&gt;</string>
		</dict>
		<key>8A0F709118F1B93300D5732C</key>
		<dict>
			<key>children</key>
			<array>
				<string>8A0F709218F1C6F100D5732C</string>
				<string>8A0F709318F1C6F100D5732C</string>
				<string>8A0F707D18F0E98300D5732C</string>
				<string>8A0F708318F0EE7100D5732C</string>
				<string>8A0F708418F0EE7100D5732C</string>
				<string>8A0F708018F0EE4D00D5732C</string>
				<string>8A0F707E18F0E98300D5732C</string>
			</array>
			<key>isa</key>
			<string>PBXGroup</string>
			<key>name</key>
			<string>External Libraries</string>
			<key>sourceTree</key>
			<string>&lt;group&gt;</string>
		</dict>
		<key>8A0F709218F1C6F100D5732C</key>
		<dict>
			<key>fileEncoding</key>
			<string>4</string>
			<key>isa</key>
			<string>PBXFileReference</string>
			<key>lastKnownFileType</key>
			<string>sourcecode.c.h</string>
			<key>path</key>
			<string>OweTableViewCell.h</string>
			<key>sourceTree</key>
			<string>&lt;group&gt;</string>
		</dict>
		<key>8A0F709318F1C6F100D5732C</key>
		<dict>
			<key>fileEncoding</key>
			<string>4</string>
			<key>isa</key>
			<string>PBXFileReference</string>
			<key>lastKnownFileType</key>
			<string>sourcecode.c.objc</string>
			<key>path</key>
			<string>OweTableViewCell.m</string>
			<key>sourceTree</key>
			<string>&lt;group&gt;</string>
		</dict>
		<key>8A0F709418F1C6F100D5732C</key>
		<dict>
			<key>fileRef</key>
			<string>8A0F709318F1C6F100D5732C</string>
			<key>isa</key>
			<string>PBXBuildFile</string>
		</dict>
		<key>8A0F709518F1C94A00D5732C</key>
		<dict>
			<key>isa</key>
			<string>PBXFileReference</string>
			<key>lastKnownFileType</key>
			<string>image.png</string>
			<key>path</key>
			<string>11HLzyx.png</string>
			<key>sourceTree</key>
			<string>&lt;group&gt;</string>
		</dict>
		<key>8A0F709618F1C94A00D5732C</key>
		<dict>
			<key>fileRef</key>
			<string>8A0F709518F1C94A00D5732C</string>
			<key>isa</key>
			<string>PBXBuildFile</string>
		</dict>
		<key>8A0F709B18F1CDAC00D5732C</key>
		<dict>
			<key>isa</key>
			<string>PBXFileReference</string>
			<key>lastKnownFileType</key>
			<string>image.png</string>
			<key>path</key>
			<string>Add.png</string>
			<key>sourceTree</key>
			<string>&lt;group&gt;</string>
		</dict>
		<key>8A0F709C18F1CDAC00D5732C</key>
		<dict>
			<key>fileRef</key>
			<string>8A0F709B18F1CDAC00D5732C</string>
			<key>isa</key>
			<string>PBXBuildFile</string>
		</dict>
		<key>8A0F709D18F1CDAF00D5732C</key>
		<dict>
			<key>isa</key>
			<string>PBXFileReference</string>
			<key>lastKnownFileType</key>
			<string>image.png</string>
			<key>path</key>
			<string>Subtract.png</string>
			<key>sourceTree</key>
			<string>&lt;group&gt;</string>
		</dict>
		<key>8A0F709E18F1CDAF00D5732C</key>
		<dict>
			<key>fileRef</key>
			<string>8A0F709D18F1CDAF00D5732C</string>
			<key>isa</key>
			<string>PBXBuildFile</string>
		</dict>
		<key>8A0F709F18F1D14D00D5732C</key>
		<dict>
			<key>fileEncoding</key>
			<string>4</string>
			<key>isa</key>
			<string>PBXFileReference</string>
			<key>lastKnownFileType</key>
			<string>sourcecode.c.h</string>
			<key>path</key>
			<string>FooterViewController.h</string>
			<key>sourceTree</key>
			<string>&lt;group&gt;</string>
		</dict>
		<key>8A0F70A018F1D14D00D5732C</key>
		<dict>
			<key>fileEncoding</key>
			<string>4</string>
			<key>isa</key>
			<string>PBXFileReference</string>
			<key>lastKnownFileType</key>
			<string>sourcecode.c.objc</string>
			<key>path</key>
			<string>FooterViewController.m</string>
			<key>sourceTree</key>
			<string>&lt;group&gt;</string>
		</dict>
		<key>8A0F70A118F1D14D00D5732C</key>
		<dict>
			<key>fileEncoding</key>
			<string>4</string>
			<key>isa</key>
			<string>PBXFileReference</string>
			<key>lastKnownFileType</key>
			<string>file.xib</string>
			<key>path</key>
			<string>FooterViewController.xib</string>
			<key>sourceTree</key>
			<string>&lt;group&gt;</string>
		</dict>
		<key>8A0F70A218F1D14D00D5732C</key>
		<dict>
			<key>fileRef</key>
			<string>8A0F70A018F1D14D00D5732C</string>
			<key>isa</key>
			<string>PBXBuildFile</string>
		</dict>
		<key>8A0F70A318F1D14D00D5732C</key>
		<dict>
			<key>fileRef</key>
			<string>8A0F70A118F1D14D00D5732C</string>
			<key>isa</key>
			<string>PBXBuildFile</string>
		</dict>
		<key>8A0F70A718F1D52900D5732C</key>
		<dict>
			<key>fileEncoding</key>
			<string>4</string>
			<key>isa</key>
			<string>PBXFileReference</string>
			<key>lastKnownFileType</key>
			<string>sourcecode.c.h</string>
			<key>path</key>
			<string>TDSemiModalViewController2.h</string>
			<key>sourceTree</key>
			<string>&lt;group&gt;</string>
		</dict>
		<key>8A0F70A818F1D52900D5732C</key>
		<dict>
			<key>fileEncoding</key>
			<string>4</string>
			<key>isa</key>
			<string>PBXFileReference</string>
			<key>lastKnownFileType</key>
			<string>sourcecode.c.objc</string>
			<key>path</key>
			<string>TDSemiModalViewController2.m</string>
			<key>sourceTree</key>
			<string>&lt;group&gt;</string>
		</dict>
		<key>8A0F70A918F1D52900D5732C</key>
		<dict>
			<key>fileRef</key>
			<string>8A0F70A818F1D52900D5732C</string>
			<key>isa</key>
			<string>PBXBuildFile</string>
		</dict>
		<key>8A0F70AB18F1D57D00D5732C</key>
		<dict>
			<key>fileEncoding</key>
			<string>4</string>
			<key>isa</key>
			<string>PBXFileReference</string>
			<key>lastKnownFileType</key>
			<string>file.xib</string>
			<key>path</key>
			<string>TDSemiModalViewController2.xib</string>
			<key>sourceTree</key>
			<string>&lt;group&gt;</string>
		</dict>
		<key>8A0F70AC18F1D57D00D5732C</key>
		<dict>
			<key>fileRef</key>
			<string>8A0F70AB18F1D57D00D5732C</string>
			<key>isa</key>
			<string>PBXBuildFile</string>
		</dict>
		<key>8A0F70AF18F24E1600D5732C</key>
		<dict>
			<key>isa</key>
			<string>PBXFileReference</string>
			<key>lastKnownFileType</key>
			<string>image.png</string>
			<key>path</key>
			<string>Green.png</string>
			<key>sourceTree</key>
			<string>&lt;group&gt;</string>
		</dict>
		<key>8A0F70B018F24E1600D5732C</key>
		<dict>
			<key>fileRef</key>
			<string>8A0F70AF18F24E1600D5732C</string>
			<key>isa</key>
			<string>PBXBuildFile</string>
		</dict>
		<key>8A0F70B318F2542C00D5732C</key>
		<dict>
			<key>isa</key>
			<string>PBXFileReference</string>
			<key>lastKnownFileType</key>
			<string>image.png</string>
			<key>path</key>
			<string>TEst1.png</string>
			<key>sourceTree</key>
			<string>&lt;group&gt;</string>
		</dict>
		<key>8A0F70B418F2542C00D5732C</key>
		<dict>
			<key>fileRef</key>
			<string>8A0F70B318F2542C00D5732C</string>
			<key>isa</key>
			<string>PBXBuildFile</string>
		</dict>
		<key>8A0F70B518F2554600D5732C</key>
		<dict>
			<key>isa</key>
			<string>PBXFileReference</string>
			<key>lastKnownFileType</key>
			<string>image.png</string>
			<key>path</key>
			<string>+$.png</string>
			<key>sourceTree</key>
			<string>&lt;group&gt;</string>
		</dict>
		<key>8A0F70B618F2554600D5732C</key>
		<dict>
			<key>fileRef</key>
			<string>8A0F70B518F2554600D5732C</string>
			<key>isa</key>
			<string>PBXBuildFile</string>
		</dict>
		<key>8A0F70B718F2560200D5732C</key>
		<dict>
			<key>isa</key>
			<string>PBXFileReference</string>
			<key>lastKnownFileType</key>
			<string>image.png</string>
			<key>path</key>
			<string>-$.png</string>
			<key>sourceTree</key>
			<string>&lt;group&gt;</string>
		</dict>
		<key>8A0F70B818F2560200D5732C</key>
		<dict>
			<key>fileRef</key>
			<string>8A0F70B718F2560200D5732C</string>
			<key>isa</key>
			<string>PBXBuildFile</string>
		</dict>
		<key>8A0F70B918F2F3FD00D5732C</key>
		<dict>
			<key>children</key>
			<array>
				<string>8A0F70BA18F2F40600D5732C</string>
				<string>8A0F70BB18F2F40600D5732C</string>
				<string>8A0F70BC18F2F40600D5732C</string>
				<string>8A0F70BD18F2F40600D5732C</string>
				<string>8A0F70BE18F2F40600D5732C</string>
				<string>8A0F70BF18F2F40600D5732C</string>
				<string>8A0F70C018F2F40600D5732C</string>
				<string>8A0F70C118F2F40600D5732C</string>
			</array>
			<key>isa</key>
			<string>PBXGroup</string>
			<key>name</key>
			<string>Fonts</string>
			<key>sourceTree</key>
			<string>&lt;group&gt;</string>
		</dict>
		<key>8A0F70BA18F2F40600D5732C</key>
		<dict>
			<key>isa</key>
			<string>PBXFileReference</string>
			<key>lastKnownFileType</key>
			<string>file</string>
			<key>path</key>
			<string>ClearSans-Bold.ttf</string>
			<key>sourceTree</key>
			<string>&lt;group&gt;</string>
		</dict>
		<key>8A0F70BB18F2F40600D5732C</key>
		<dict>
			<key>isa</key>
			<string>PBXFileReference</string>
			<key>lastKnownFileType</key>
			<string>file</string>
			<key>path</key>
			<string>ClearSans-BoldItalic.ttf</string>
			<key>sourceTree</key>
			<string>&lt;group&gt;</string>
		</dict>
		<key>8A0F70BC18F2F40600D5732C</key>
		<dict>
			<key>isa</key>
			<string>PBXFileReference</string>
			<key>lastKnownFileType</key>
			<string>file</string>
			<key>path</key>
			<string>ClearSans-Italic.ttf</string>
			<key>sourceTree</key>
			<string>&lt;group&gt;</string>
		</dict>
		<key>8A0F70BD18F2F40600D5732C</key>
		<dict>
			<key>isa</key>
			<string>PBXFileReference</string>
			<key>lastKnownFileType</key>
			<string>file</string>
			<key>path</key>
			<string>ClearSans-Light.ttf</string>
			<key>sourceTree</key>
			<string>&lt;group&gt;</string>
		</dict>
		<key>8A0F70BE18F2F40600D5732C</key>
		<dict>
			<key>isa</key>
			<string>PBXFileReference</string>
			<key>lastKnownFileType</key>
			<string>file</string>
			<key>path</key>
			<string>ClearSans-Medium.ttf</string>
			<key>sourceTree</key>
			<string>&lt;group&gt;</string>
		</dict>
		<key>8A0F70BF18F2F40600D5732C</key>
		<dict>
			<key>isa</key>
			<string>PBXFileReference</string>
			<key>lastKnownFileType</key>
			<string>file</string>
			<key>path</key>
			<string>ClearSans-MediumItalic.ttf</string>
			<key>sourceTree</key>
			<string>&lt;group&gt;</string>
		</dict>
		<key>8A0F70C018F2F40600D5732C</key>
		<dict>
			<key>isa</key>
			<string>PBXFileReference</string>
			<key>lastKnownFileType</key>
			<string>file</string>
			<key>path</key>
			<string>ClearSans-Regular.ttf</string>
			<key>sourceTree</key>
			<string>&lt;group&gt;</string>
		</dict>
		<key>8A0F70C118F2F40600D5732C</key>
		<dict>
			<key>isa</key>
			<string>PBXFileReference</string>
			<key>lastKnownFileType</key>
			<string>file</string>
			<key>path</key>
			<string>ClearSans-Thin.ttf</string>
			<key>sourceTree</key>
			<string>&lt;group&gt;</string>
		</dict>
		<key>8A0F70C218F2F40600D5732C</key>
		<dict>
			<key>fileRef</key>
			<string>8A0F70BA18F2F40600D5732C</string>
			<key>isa</key>
			<string>PBXBuildFile</string>
		</dict>
		<key>8A0F70C318F2F40600D5732C</key>
		<dict>
			<key>fileRef</key>
			<string>8A0F70BB18F2F40600D5732C</string>
			<key>isa</key>
			<string>PBXBuildFile</string>
		</dict>
		<key>8A0F70C418F2F40600D5732C</key>
		<dict>
			<key>fileRef</key>
			<string>8A0F70BC18F2F40600D5732C</string>
			<key>isa</key>
			<string>PBXBuildFile</string>
		</dict>
		<key>8A0F70C518F2F40600D5732C</key>
		<dict>
			<key>fileRef</key>
			<string>8A0F70BD18F2F40600D5732C</string>
			<key>isa</key>
			<string>PBXBuildFile</string>
		</dict>
		<key>8A0F70C618F2F40600D5732C</key>
		<dict>
			<key>fileRef</key>
			<string>8A0F70BE18F2F40600D5732C</string>
			<key>isa</key>
			<string>PBXBuildFile</string>
		</dict>
		<key>8A0F70C718F2F40600D5732C</key>
		<dict>
			<key>fileRef</key>
			<string>8A0F70BF18F2F40600D5732C</string>
			<key>isa</key>
			<string>PBXBuildFile</string>
		</dict>
		<key>8A0F70C818F2F40600D5732C</key>
		<dict>
			<key>fileRef</key>
			<string>8A0F70C018F2F40600D5732C</string>
			<key>isa</key>
			<string>PBXBuildFile</string>
		</dict>
		<key>8A0F70C918F2F40600D5732C</key>
		<dict>
			<key>fileRef</key>
			<string>8A0F70C118F2F40600D5732C</string>
			<key>isa</key>
			<string>PBXBuildFile</string>
		</dict>
		<key>8A0F70CA18F2FC6400D5732C</key>
		<dict>
			<key>isa</key>
			<string>PBXFileReference</string>
			<key>lastKnownFileType</key>
			<string>image.png</string>
			<key>path</key>
			<string>Test2.png</string>
			<key>sourceTree</key>
			<string>&lt;group&gt;</string>
		</dict>
		<key>8A0F70CB18F2FC6400D5732C</key>
		<dict>
			<key>fileRef</key>
			<string>8A0F70CA18F2FC6400D5732C</string>
			<key>isa</key>
			<string>PBXBuildFile</string>
		</dict>
		<key>8A0F70CC18F2FF0400D5732C</key>
		<dict>
			<key>isa</key>
			<string>PBXFileReference</string>
			<key>lastKnownFileType</key>
			<string>image.png</string>
			<key>path</key>
			<string>Red.png</string>
			<key>sourceTree</key>
			<string>&lt;group&gt;</string>
		</dict>
		<key>8A0F70CD18F2FF0400D5732C</key>
		<dict>
			<key>fileRef</key>
			<string>8A0F70CC18F2FF0400D5732C</string>
			<key>isa</key>
			<string>PBXBuildFile</string>
		</dict>
		<key>8A0F70D218F3102300D5732C</key>
		<dict>
			<key>children</key>
			<array>
				<string>8A0F70CA18F2FC6400D5732C</string>
				<string>8A0F70CC18F2FF0400D5732C</string>
				<string>8A0F70B518F2554600D5732C</string>
				<string>8A0F709B18F1CDAC00D5732C</string>
				<string>8A0F70B318F2542C00D5732C</string>
				<string>8A0F709D18F1CDAF00D5732C</string>
				<string>8A0F70AF18F24E1600D5732C</string>
				<string>8A0F709518F1C94A00D5732C</string>
				<string>8A0F70B718F2560200D5732C</string>
			</array>
			<key>isa</key>
			<string>PBXGroup</string>
			<key>name</key>
			<string>Images</string>
			<key>sourceTree</key>
			<string>&lt;group&gt;</string>
		</dict>
		<key>8A0F70D318F3104500D5732C</key>
		<dict>
			<key>children</key>
			<array>
				<string>8A0F707C18F0E6D000D5732C</string>
				<string>8A95578818EF684700469480</string>
				<string>8A95578918EF684700469480</string>
				<string>8A95578518EF682600469480</string>
				<string>8A95578618EF682600469480</string>
			</array>
			<key>isa</key>
			<string>PBXGroup</string>
			<key>name</key>
			<string>Templates</string>
			<key>sourceTree</key>
			<string>&lt;group&gt;</string>
		</dict>
		<key>8A95572918EF614400469480</key>
		<dict>
			<key>children</key>
			<array>
				<string>8A95573D18EF614400469480</string>
				<string>8A95576618EF614400469480</string>
				<string>8A95573418EF614400469480</string>
				<string>8A95573318EF614400469480</string>
				<string>02C3FEF678A742628EDA3B4C</string>
			</array>
			<key>isa</key>
			<string>PBXGroup</string>
			<key>sourceTree</key>
			<string>&lt;group&gt;</string>
		</dict>
		<key>8A95572A18EF614400469480</key>
		<dict>
			<key>attributes</key>
			<dict>
				<key>LastUpgradeCheck</key>
				<string>0510</string>
				<key>ORGANIZATIONNAME</key>
				<string>Revision</string>
				<key>TargetAttributes</key>
				<dict>
					<key>8A95573118EF614400469480</key>
					<dict>
						<key>DevelopmentTeam</key>
						<string>Z48RKT6B3T</string>
						<key>SystemCapabilities</key>
						<dict>
							<key>com.apple.iCloud</key>
							<dict>
								<key>enabled</key>
								<string>1</string>
							</dict>
						</dict>
					</dict>
					<key>8A95575D18EF614400469480</key>
					<dict>
						<key>TestTargetID</key>
						<string>8A95573118EF614400469480</string>
					</dict>
				</dict>
			</dict>
			<key>buildConfigurationList</key>
			<string>8A95572D18EF614400469480</string>
			<key>compatibilityVersion</key>
			<string>Xcode 3.2</string>
			<key>developmentRegion</key>
			<string>English</string>
			<key>hasScannedForEncodings</key>
			<string>0</string>
			<key>isa</key>
			<string>PBXProject</string>
			<key>knownRegions</key>
			<array>
				<string>en</string>
				<string>Base</string>
			</array>
			<key>mainGroup</key>
			<string>8A95572918EF614400469480</string>
			<key>productRefGroup</key>
			<string>8A95573318EF614400469480</string>
			<key>projectDirPath</key>
			<string></string>
			<key>projectReferences</key>
			<array/>
			<key>projectRoot</key>
			<string></string>
			<key>targets</key>
			<array>
				<string>8A95573118EF614400469480</string>
				<string>8A95575D18EF614400469480</string>
			</array>
		</dict>
		<key>8A95572D18EF614400469480</key>
		<dict>
			<key>buildConfigurations</key>
			<array>
				<string>8A95576E18EF614400469480</string>
				<string>8A95576F18EF614400469480</string>
			</array>
			<key>defaultConfigurationIsVisible</key>
			<string>0</string>
			<key>defaultConfigurationName</key>
			<string>Release</string>
			<key>isa</key>
			<string>XCConfigurationList</string>
		</dict>
		<key>8A95572E18EF614400469480</key>
		<dict>
			<key>buildActionMask</key>
			<string>2147483647</string>
			<key>files</key>
			<array>
				<string>8A0F708518F0EE7100D5732C</string>
				<string>8A95578D18EF7F8600469480</string>
				<string>8A0F708618F0EE7100D5732C</string>
				<string>8A95578718EF682600469480</string>
				<string>8A95579318EFB2F900469480</string>
				<string>8A95574818EF614400469480</string>
				<string>8A0F709418F1C6F100D5732C</string>
				<string>8A95574418EF614400469480</string>
				<string>8A95578118EF66AA00469480</string>
				<string>8A95575118EF614400469480</string>
				<string>8A0F70A918F1D52900D5732C</string>
				<string>8A0F70A218F1D14D00D5732C</string>
				<string>8A95578A18EF684700469480</string>
				<string>8A0F707F18F0E98300D5732C</string>
			</array>
			<key>isa</key>
			<string>PBXSourcesBuildPhase</string>
			<key>runOnlyForDeploymentPostprocessing</key>
			<string>0</string>
		</dict>
		<key>8A95572F18EF614400469480</key>
		<dict>
			<key>buildActionMask</key>
			<string>2147483647</string>
			<key>files</key>
			<array>
				<string>8A95573818EF614400469480</string>
				<string>8A95573C18EF614400469480</string>
				<string>8A95573A18EF614400469480</string>
				<string>8A95573618EF614400469480</string>
				<string>F398319583D741EBA9FEDA5B</string>
			</array>
			<key>isa</key>
			<string>PBXFrameworksBuildPhase</string>
			<key>runOnlyForDeploymentPostprocessing</key>
			<string>0</string>
		</dict>
		<key>8A95573018EF614400469480</key>
		<dict>
			<key>buildActionMask</key>
			<string>2147483647</string>
			<key>files</key>
			<array>
				<string>8A95574E18EF614400469480</string>
				<string>8A0F70B018F24E1600D5732C</string>
				<string>8A95575918EF614400469480</string>
				<string>8A0F709C18F1CDAC00D5732C</string>
				<string>8A0F70C518F2F40600D5732C</string>
				<string>8A95574B18EF614400469480</string>
				<string>8A0F70CB18F2FC6400D5732C</string>
				<string>8A0F70C618F2F40600D5732C</string>
				<string>8A0F70C718F2F40600D5732C</string>
				<string>8A0F70C918F2F40600D5732C</string>
				<string>8A0F70C818F2F40600D5732C</string>
				<string>8A0F70B418F2542C00D5732C</string>
				<string>8A0F70AC18F1D57D00D5732C</string>
				<string>8A0F70C418F2F40600D5732C</string>
				<string>8A0F708F18F0FBA500D5732C</string>
				<string>8A0F70C218F2F40600D5732C</string>
				<string>8A0F70B618F2554600D5732C</string>
				<string>8A95574218EF614400469480</string>
				<string>8A0F70B818F2560200D5732C</string>
				<string>8A0F70C318F2F40600D5732C</string>
				<string>8A0F709618F1C94A00D5732C</string>
				<string>8A0F70CD18F2FF0400D5732C</string>
				<string>8A0F70A318F1D14D00D5732C</string>
				<string>8A0F709E18F1CDAF00D5732C</string>
			</array>
			<key>isa</key>
			<string>PBXResourcesBuildPhase</string>
			<key>runOnlyForDeploymentPostprocessing</key>
			<string>0</string>
		</dict>
		<key>8A95573118EF614400469480</key>
		<dict>
			<key>buildConfigurationList</key>
			<string>8A95577018EF614400469480</string>
			<key>buildPhases</key>
			<array>
				<string>2CE8F76154FD4914A4B36001</string>
				<string>8A95572E18EF614400469480</string>
				<string>8A95572F18EF614400469480</string>
				<string>8A95573018EF614400469480</string>
				<string>9587C2079CFD4787861EF468</string>
			</array>
			<key>buildRules</key>
			<array/>
			<key>dependencies</key>
			<array/>
			<key>isa</key>
			<string>PBXNativeTarget</string>
			<key>name</key>
			<string>OweIt</string>
			<key>productName</key>
			<string>WhatIOwe</string>
			<key>productReference</key>
			<string>8A95573218EF614400469480</string>
			<key>productType</key>
			<string>com.apple.product-type.application</string>
		</dict>
		<key>8A95573218EF614400469480</key>
		<dict>
			<key>explicitFileType</key>
			<string>wrapper.application</string>
			<key>includeInIndex</key>
			<string>0</string>
			<key>isa</key>
			<string>PBXFileReference</string>
			<key>path</key>
			<string>OweIt.app</string>
			<key>sourceTree</key>
			<string>BUILT_PRODUCTS_DIR</string>
		</dict>
		<key>8A95573318EF614400469480</key>
		<dict>
			<key>children</key>
			<array>
				<string>8A95573218EF614400469480</string>
				<string>8A95575E18EF614400469480</string>
			</array>
			<key>isa</key>
			<string>PBXGroup</string>
			<key>name</key>
			<string>Products</string>
			<key>sourceTree</key>
			<string>&lt;group&gt;</string>
		</dict>
		<key>8A95573418EF614400469480</key>
		<dict>
			<key>children</key>
			<array>
				<string>8A95573518EF614400469480</string>
				<string>8A95573718EF614400469480</string>
				<string>8A95573918EF614400469480</string>
				<string>8A95573B18EF614400469480</string>
				<string>8A95575F18EF614400469480</string>
				<string>021A7D97EAF74EE2839B1EAF</string>
			</array>
			<key>isa</key>
			<string>PBXGroup</string>
			<key>name</key>
			<string>Frameworks</string>
			<key>sourceTree</key>
			<string>&lt;group&gt;</string>
		</dict>
		<key>8A95573518EF614400469480</key>
		<dict>
			<key>isa</key>
			<string>PBXFileReference</string>
			<key>lastKnownFileType</key>
			<string>wrapper.framework</string>
			<key>name</key>
			<string>Foundation.framework</string>
			<key>path</key>
			<string>System/Library/Frameworks/Foundation.framework</string>
			<key>sourceTree</key>
			<string>SDKROOT</string>
		</dict>
		<key>8A95573618EF614400469480</key>
		<dict>
			<key>fileRef</key>
			<string>8A95573518EF614400469480</string>
			<key>isa</key>
			<string>PBXBuildFile</string>
		</dict>
		<key>8A95573718EF614400469480</key>
		<dict>
			<key>isa</key>
			<string>PBXFileReference</string>
			<key>lastKnownFileType</key>
			<string>wrapper.framework</string>
			<key>name</key>
			<string>CoreGraphics.framework</string>
			<key>path</key>
			<string>System/Library/Frameworks/CoreGraphics.framework</string>
			<key>sourceTree</key>
			<string>SDKROOT</string>
		</dict>
		<key>8A95573818EF614400469480</key>
		<dict>
			<key>fileRef</key>
			<string>8A95573718EF614400469480</string>
			<key>isa</key>
			<string>PBXBuildFile</string>
		</dict>
		<key>8A95573918EF614400469480</key>
		<dict>
			<key>isa</key>
			<string>PBXFileReference</string>
			<key>lastKnownFileType</key>
			<string>wrapper.framework</string>
			<key>name</key>
			<string>UIKit.framework</string>
			<key>path</key>
			<string>System/Library/Frameworks/UIKit.framework</string>
			<key>sourceTree</key>
			<string>SDKROOT</string>
		</dict>
		<key>8A95573A18EF614400469480</key>
		<dict>
			<key>fileRef</key>
			<string>8A95573918EF614400469480</string>
			<key>isa</key>
			<string>PBXBuildFile</string>
		</dict>
		<key>8A95573B18EF614400469480</key>
		<dict>
			<key>isa</key>
			<string>PBXFileReference</string>
			<key>lastKnownFileType</key>
			<string>wrapper.framework</string>
			<key>name</key>
			<string>CoreData.framework</string>
			<key>path</key>
			<string>System/Library/Frameworks/CoreData.framework</string>
			<key>sourceTree</key>
			<string>SDKROOT</string>
		</dict>
		<key>8A95573C18EF614400469480</key>
		<dict>
			<key>fileRef</key>
			<string>8A95573B18EF614400469480</string>
			<key>isa</key>
			<string>PBXBuildFile</string>
		</dict>
		<key>8A95573D18EF614400469480</key>
		<dict>
			<key>children</key>
			<array>
				<string>8A0F70D318F3104500D5732C</string>
				<string>8A0F70D218F3102300D5732C</string>
				<string>8A0F709118F1B93300D5732C</string>
				<string>8A0F709018F1B92800D5732C</string>
				<string>8A0F70B918F2F3FD00D5732C</string>
				<string>8A95574618EF614400469480</string>
				<string>8A95574718EF614400469480</string>
				<string>8A95577F18EF66AA00469480</string>
				<string>8A95578018EF66AA00469480</string>
				<string>8A95579118EFB2F900469480</string>
				<string>8A95579218EFB2F900469480</string>
				<string>8A95574918EF614400469480</string>
				<string>8A0F709F18F1D14D00D5732C</string>
				<string>8A0F70A018F1D14D00D5732C</string>
				<string>8A0F70A118F1D14D00D5732C</string>
				<string>8A95578B18EF7F8600469480</string>
				<string>8A95578C18EF7F8600469480</string>
				<string>8A95574C18EF614400469480</string>
				<string>8A95575818EF614400469480</string>
				<string>8A95574F18EF614400469480</string>
				<string>8A95573E18EF614400469480</string>
			</array>
			<key>isa</key>
			<string>PBXGroup</string>
			<key>name</key>
			<string>OweIt</string>
			<key>path</key>
			<string>WhatIOwe</string>
			<key>sourceTree</key>
			<string>&lt;group&gt;</string>
		</dict>
		<key>8A95573E18EF614400469480</key>
		<dict>
			<key>children</key>
			<array>
				<string>8A95573F18EF614400469480</string>
				<string>8A95574018EF614400469480</string>
				<string>8A95574318EF614400469480</string>
				<string>8A95574518EF614400469480</string>
			</array>
			<key>isa</key>
			<string>PBXGroup</string>
			<key>name</key>
			<string>Supporting Files</string>
			<key>sourceTree</key>
			<string>&lt;group&gt;</string>
		</dict>
		<key>8A95573F18EF614400469480</key>
		<dict>
			<key>isa</key>
			<string>PBXFileReference</string>
			<key>lastKnownFileType</key>
			<string>text.plist.xml</string>
			<key>path</key>
			<string>OweIt-Info.plist</string>
			<key>sourceTree</key>
			<string>&lt;group&gt;</string>
		</dict>
		<key>8A95574018EF614400469480</key>
		<dict>
			<key>children</key>
			<array>
				<string>8A95574118EF614400469480</string>
			</array>
			<key>isa</key>
			<string>PBXVariantGroup</string>
			<key>name</key>
			<string>InfoPlist.strings</string>
			<key>sourceTree</key>
			<string>&lt;group&gt;</string>
		</dict>
		<key>8A95574118EF614400469480</key>
		<dict>
			<key>isa</key>
			<string>PBXFileReference</string>
			<key>lastKnownFileType</key>
			<string>text.plist.strings</string>
			<key>name</key>
			<string>en</string>
			<key>path</key>
			<string>en.lproj/InfoPlist.strings</string>
			<key>sourceTree</key>
			<string>&lt;group&gt;</string>
		</dict>
		<key>8A95574218EF614400469480</key>
		<dict>
			<key>fileRef</key>
			<string>8A95574018EF614400469480</string>
			<key>isa</key>
			<string>PBXBuildFile</string>
		</dict>
		<key>8A95574318EF614400469480</key>
		<dict>
			<key>isa</key>
			<string>PBXFileReference</string>
			<key>lastKnownFileType</key>
			<string>sourcecode.c.objc</string>
			<key>path</key>
			<string>main.m</string>
			<key>sourceTree</key>
			<string>&lt;group&gt;</string>
		</dict>
		<key>8A95574418EF614400469480</key>
		<dict>
			<key>fileRef</key>
			<string>8A95574318EF614400469480</string>
			<key>isa</key>
			<string>PBXBuildFile</string>
		</dict>
		<key>8A95574518EF614400469480</key>
		<dict>
			<key>isa</key>
			<string>PBXFileReference</string>
			<key>lastKnownFileType</key>
			<string>sourcecode.c.h</string>
			<key>path</key>
			<string>OweIt-Prefix.pch</string>
			<key>sourceTree</key>
			<string>&lt;group&gt;</string>
		</dict>
		<key>8A95574618EF614400469480</key>
		<dict>
			<key>isa</key>
			<string>PBXFileReference</string>
			<key>lastKnownFileType</key>
			<string>sourcecode.c.h</string>
			<key>path</key>
			<string>AppDelegate.h</string>
			<key>sourceTree</key>
			<string>&lt;group&gt;</string>
		</dict>
		<key>8A95574718EF614400469480</key>
		<dict>
			<key>isa</key>
			<string>PBXFileReference</string>
			<key>lastKnownFileType</key>
			<string>sourcecode.c.objc</string>
			<key>path</key>
			<string>AppDelegate.m</string>
			<key>sourceTree</key>
			<string>&lt;group&gt;</string>
		</dict>
		<key>8A95574818EF614400469480</key>
		<dict>
			<key>fileRef</key>
			<string>8A95574718EF614400469480</string>
			<key>isa</key>
			<string>PBXBuildFile</string>
		</dict>
		<key>8A95574918EF614400469480</key>
		<dict>
			<key>children</key>
			<array>
				<string>8A95574A18EF614400469480</string>
			</array>
			<key>isa</key>
			<string>PBXVariantGroup</string>
			<key>name</key>
			<string>Main_iPhone.storyboard</string>
			<key>sourceTree</key>
			<string>&lt;group&gt;</string>
		</dict>
		<key>8A95574A18EF614400469480</key>
		<dict>
			<key>isa</key>
			<string>PBXFileReference</string>
			<key>lastKnownFileType</key>
			<string>file.storyboard</string>
			<key>name</key>
			<string>Base</string>
			<key>path</key>
			<string>Base.lproj/Main_iPhone.storyboard</string>
			<key>sourceTree</key>
			<string>&lt;group&gt;</string>
		</dict>
		<key>8A95574B18EF614400469480</key>
		<dict>
			<key>fileRef</key>
			<string>8A95574918EF614400469480</string>
			<key>isa</key>
			<string>PBXBuildFile</string>
		</dict>
		<key>8A95574C18EF614400469480</key>
		<dict>
			<key>children</key>
			<array>
				<string>8A95574D18EF614400469480</string>
			</array>
			<key>isa</key>
			<string>PBXVariantGroup</string>
			<key>name</key>
			<string>Main_iPad.storyboard</string>
			<key>sourceTree</key>
			<string>&lt;group&gt;</string>
		</dict>
		<key>8A95574D18EF614400469480</key>
		<dict>
			<key>isa</key>
			<string>PBXFileReference</string>
			<key>lastKnownFileType</key>
			<string>file.storyboard</string>
			<key>name</key>
			<string>Base</string>
			<key>path</key>
			<string>Base.lproj/Main_iPad.storyboard</string>
			<key>sourceTree</key>
			<string>&lt;group&gt;</string>
		</dict>
		<key>8A95574E18EF614400469480</key>
		<dict>
			<key>fileRef</key>
			<string>8A95574C18EF614400469480</string>
			<key>isa</key>
			<string>PBXBuildFile</string>
		</dict>
		<key>8A95574F18EF614400469480</key>
		<dict>
			<key>children</key>
			<array>
				<string>8A95575018EF614400469480</string>
			</array>
			<key>currentVersion</key>
			<string>8A95575018EF614400469480</string>
			<key>isa</key>
			<string>XCVersionGroup</string>
			<key>path</key>
			<string>WhatIOwe.xcdatamodeld</string>
			<key>sourceTree</key>
			<string>&lt;group&gt;</string>
			<key>versionGroupType</key>
			<string>wrapper.xcdatamodel</string>
		</dict>
		<key>8A95575018EF614400469480</key>
		<dict>
			<key>isa</key>
			<string>PBXFileReference</string>
			<key>lastKnownFileType</key>
			<string>wrapper.xcdatamodel</string>
			<key>path</key>
			<string>WhatIOwe.xcdatamodel</string>
			<key>sourceTree</key>
			<string>&lt;group&gt;</string>
		</dict>
		<key>8A95575118EF614400469480</key>
		<dict>
			<key>fileRef</key>
			<string>8A95574F18EF614400469480</string>
			<key>isa</key>
			<string>PBXBuildFile</string>
		</dict>
		<key>8A95575818EF614400469480</key>
		<dict>
			<key>isa</key>
			<string>PBXFileReference</string>
			<key>lastKnownFileType</key>
			<string>folder.assetcatalog</string>
			<key>path</key>
			<string>Images.xcassets</string>
			<key>sourceTree</key>
			<string>&lt;group&gt;</string>
		</dict>
		<key>8A95575918EF614400469480</key>
		<dict>
			<key>fileRef</key>
			<string>8A95575818EF614400469480</string>
			<key>isa</key>
			<string>PBXBuildFile</string>
		</dict>
		<key>8A95575A18EF614400469480</key>
		<dict>
			<key>buildActionMask</key>
			<string>2147483647</string>
			<key>files</key>
			<array>
				<string>8A95576D18EF614400469480</string>
			</array>
			<key>isa</key>
			<string>PBXSourcesBuildPhase</string>
			<key>runOnlyForDeploymentPostprocessing</key>
			<string>0</string>
		</dict>
		<key>8A95575B18EF614400469480</key>
		<dict>
			<key>buildActionMask</key>
			<string>2147483647</string>
			<key>files</key>
			<array>
				<string>8A95576018EF614400469480</string>
				<string>8A95576318EF614400469480</string>
				<string>8A95576218EF614400469480</string>
				<string>8A95576118EF614400469480</string>
			</array>
			<key>isa</key>
			<string>PBXFrameworksBuildPhase</string>
			<key>runOnlyForDeploymentPostprocessing</key>
			<string>0</string>
		</dict>
		<key>8A95575C18EF614400469480</key>
		<dict>
			<key>buildActionMask</key>
			<string>2147483647</string>
			<key>files</key>
			<array>
				<string>8A95576B18EF614400469480</string>
			</array>
			<key>isa</key>
			<string>PBXResourcesBuildPhase</string>
			<key>runOnlyForDeploymentPostprocessing</key>
			<string>0</string>
		</dict>
		<key>8A95575D18EF614400469480</key>
		<dict>
			<key>buildConfigurationList</key>
			<string>8A95577318EF614400469480</string>
			<key>buildPhases</key>
			<array>
				<string>8A95575A18EF614400469480</string>
				<string>8A95575B18EF614400469480</string>
				<string>8A95575C18EF614400469480</string>
			</array>
			<key>buildRules</key>
			<array/>
			<key>dependencies</key>
			<array>
				<string>8A95576518EF614400469480</string>
			</array>
			<key>isa</key>
			<string>PBXNativeTarget</string>
			<key>name</key>
			<string>OweItTests</string>
			<key>productName</key>
			<string>WhatIOweTests</string>
			<key>productReference</key>
			<string>8A95575E18EF614400469480</string>
			<key>productType</key>
			<string>com.apple.product-type.bundle.unit-test</string>
		</dict>
		<key>8A95575E18EF614400469480</key>
		<dict>
			<key>explicitFileType</key>
			<string>wrapper.cfbundle</string>
			<key>includeInIndex</key>
			<string>0</string>
			<key>isa</key>
			<string>PBXFileReference</string>
			<key>path</key>
			<string>OweItTests.xctest</string>
			<key>sourceTree</key>
			<string>BUILT_PRODUCTS_DIR</string>
		</dict>
		<key>8A95575F18EF614400469480</key>
		<dict>
			<key>isa</key>
			<string>PBXFileReference</string>
			<key>lastKnownFileType</key>
			<string>wrapper.framework</string>
			<key>name</key>
			<string>XCTest.framework</string>
			<key>path</key>
			<string>Library/Frameworks/XCTest.framework</string>
			<key>sourceTree</key>
			<string>DEVELOPER_DIR</string>
		</dict>
		<key>8A95576018EF614400469480</key>
		<dict>
			<key>fileRef</key>
			<string>8A95575F18EF614400469480</string>
			<key>isa</key>
			<string>PBXBuildFile</string>
		</dict>
		<key>8A95576118EF614400469480</key>
		<dict>
			<key>fileRef</key>
			<string>8A95573518EF614400469480</string>
			<key>isa</key>
			<string>PBXBuildFile</string>
		</dict>
		<key>8A95576218EF614400469480</key>
		<dict>
			<key>fileRef</key>
			<string>8A95573918EF614400469480</string>
			<key>isa</key>
			<string>PBXBuildFile</string>
		</dict>
		<key>8A95576318EF614400469480</key>
		<dict>
			<key>fileRef</key>
			<string>8A95573B18EF614400469480</string>
			<key>isa</key>
			<string>PBXBuildFile</string>
		</dict>
		<key>8A95576418EF614400469480</key>
		<dict>
			<key>containerPortal</key>
			<string>8A95572A18EF614400469480</string>
			<key>isa</key>
			<string>PBXContainerItemProxy</string>
			<key>proxyType</key>
			<string>1</string>
			<key>remoteGlobalIDString</key>
			<string>8A95573118EF614400469480</string>
			<key>remoteInfo</key>
			<string>WhatIOwe</string>
		</dict>
		<key>8A95576518EF614400469480</key>
		<dict>
			<key>isa</key>
			<string>PBXTargetDependency</string>
			<key>target</key>
			<string>8A95573118EF614400469480</string>
			<key>targetProxy</key>
			<string>8A95576418EF614400469480</string>
		</dict>
		<key>8A95576618EF614400469480</key>
		<dict>
			<key>children</key>
			<array>
				<string>8A95576C18EF614400469480</string>
				<string>8A95576718EF614400469480</string>
			</array>
			<key>isa</key>
			<string>PBXGroup</string>
			<key>name</key>
			<string>OweIt</string>
			<key>path</key>
			<string>WhatIOweTests</string>
			<key>sourceTree</key>
			<string>&lt;group&gt;</string>
		</dict>
		<key>8A95576718EF614400469480</key>
		<dict>
			<key>children</key>
			<array>
				<string>8A95576818EF614400469480</string>
				<string>8A95576918EF614400469480</string>
			</array>
			<key>isa</key>
			<string>PBXGroup</string>
			<key>name</key>
			<string>Supporting Files</string>
			<key>sourceTree</key>
			<string>&lt;group&gt;</string>
		</dict>
		<key>8A95576818EF614400469480</key>
		<dict>
			<key>isa</key>
			<string>PBXFileReference</string>
			<key>lastKnownFileType</key>
			<string>text.plist.xml</string>
			<key>path</key>
			<string>OweItTests-Info.plist</string>
			<key>sourceTree</key>
			<string>&lt;group&gt;</string>
		</dict>
		<key>8A95576918EF614400469480</key>
		<dict>
			<key>children</key>
			<array>
				<string>8A95576A18EF614400469480</string>
			</array>
			<key>isa</key>
			<string>PBXVariantGroup</string>
			<key>name</key>
			<string>InfoPlist.strings</string>
			<key>sourceTree</key>
			<string>&lt;group&gt;</string>
		</dict>
		<key>8A95576A18EF614400469480</key>
		<dict>
			<key>isa</key>
			<string>PBXFileReference</string>
			<key>lastKnownFileType</key>
			<string>text.plist.strings</string>
			<key>name</key>
			<string>en</string>
			<key>path</key>
			<string>en.lproj/InfoPlist.strings</string>
			<key>sourceTree</key>
			<string>&lt;group&gt;</string>
		</dict>
		<key>8A95576B18EF614400469480</key>
		<dict>
			<key>fileRef</key>
			<string>8A95576918EF614400469480</string>
			<key>isa</key>
			<string>PBXBuildFile</string>
		</dict>
		<key>8A95576C18EF614400469480</key>
		<dict>
			<key>isa</key>
			<string>PBXFileReference</string>
			<key>lastKnownFileType</key>
			<string>sourcecode.c.objc</string>
			<key>path</key>
			<string>WhatIOweTests.m</string>
			<key>sourceTree</key>
			<string>&lt;group&gt;</string>
		</dict>
		<key>8A95576D18EF614400469480</key>
		<dict>
			<key>fileRef</key>
			<string>8A95576C18EF614400469480</string>
			<key>isa</key>
			<string>PBXBuildFile</string>
		</dict>
		<key>8A95576E18EF614400469480</key>
		<dict>
			<key>buildSettings</key>
			<dict>
				<key>ALWAYS_SEARCH_USER_PATHS</key>
				<string>NO</string>
				<key>CLANG_CXX_LANGUAGE_STANDARD</key>
				<string>gnu++0x</string>
				<key>CLANG_CXX_LIBRARY</key>
				<string>libc++</string>
				<key>CLANG_ENABLE_MODULES</key>
				<string>YES</string>
				<key>CLANG_ENABLE_OBJC_ARC</key>
				<string>YES</string>
				<key>CLANG_WARN_BOOL_CONVERSION</key>
				<string>YES</string>
				<key>CLANG_WARN_CONSTANT_CONVERSION</key>
				<string>YES</string>
				<key>CLANG_WARN_DIRECT_OBJC_ISA_USAGE</key>
				<string>YES_ERROR</string>
				<key>CLANG_WARN_EMPTY_BODY</key>
				<string>YES</string>
				<key>CLANG_WARN_ENUM_CONVERSION</key>
				<string>YES</string>
				<key>CLANG_WARN_INT_CONVERSION</key>
				<string>YES</string>
				<key>CLANG_WARN_OBJC_ROOT_CLASS</key>
				<string>YES_ERROR</string>
				<key>CLANG_WARN__DUPLICATE_METHOD_MATCH</key>
				<string>YES</string>
				<key>CODE_SIGN_IDENTITY[sdk=iphoneos*]</key>
				<string>iPhone Developer</string>
				<key>COPY_PHASE_STRIP</key>
				<string>NO</string>
				<key>GCC_C_LANGUAGE_STANDARD</key>
				<string>gnu99</string>
				<key>GCC_DYNAMIC_NO_PIC</key>
				<string>NO</string>
				<key>GCC_OPTIMIZATION_LEVEL</key>
				<string>0</string>
				<key>GCC_PREPROCESSOR_DEFINITIONS</key>
				<array>
					<string>DEBUG=1</string>
					<string>$(inherited)</string>
				</array>
				<key>GCC_SYMBOLS_PRIVATE_EXTERN</key>
				<string>NO</string>
				<key>GCC_WARN_64_TO_32_BIT_CONVERSION</key>
				<string>YES</string>
				<key>GCC_WARN_ABOUT_RETURN_TYPE</key>
				<string>YES_ERROR</string>
				<key>GCC_WARN_UNDECLARED_SELECTOR</key>
				<string>YES</string>
				<key>GCC_WARN_UNINITIALIZED_AUTOS</key>
				<string>YES_AGGRESSIVE</string>
				<key>GCC_WARN_UNUSED_FUNCTION</key>
				<string>YES</string>
				<key>GCC_WARN_UNUSED_VARIABLE</key>
				<string>YES</string>
				<key>IPHONEOS_DEPLOYMENT_TARGET</key>
				<string>7.1</string>
				<key>ONLY_ACTIVE_ARCH</key>
				<string>YES</string>
				<key>SDKROOT</key>
				<string>iphoneos</string>
				<key>TARGETED_DEVICE_FAMILY</key>
				<string>1,2</string>
			</dict>
			<key>isa</key>
			<string>XCBuildConfiguration</string>
			<key>name</key>
			<string>Debug</string>
		</dict>
		<key>8A95576F18EF614400469480</key>
		<dict>
			<key>buildSettings</key>
			<dict>
				<key>ALWAYS_SEARCH_USER_PATHS</key>
				<string>NO</string>
				<key>CLANG_CXX_LANGUAGE_STANDARD</key>
				<string>gnu++0x</string>
				<key>CLANG_CXX_LIBRARY</key>
				<string>libc++</string>
				<key>CLANG_ENABLE_MODULES</key>
				<string>YES</string>
				<key>CLANG_ENABLE_OBJC_ARC</key>
				<string>YES</string>
				<key>CLANG_WARN_BOOL_CONVERSION</key>
				<string>YES</string>
				<key>CLANG_WARN_CONSTANT_CONVERSION</key>
				<string>YES</string>
				<key>CLANG_WARN_DIRECT_OBJC_ISA_USAGE</key>
				<string>YES_ERROR</string>
				<key>CLANG_WARN_EMPTY_BODY</key>
				<string>YES</string>
				<key>CLANG_WARN_ENUM_CONVERSION</key>
				<string>YES</string>
				<key>CLANG_WARN_INT_CONVERSION</key>
				<string>YES</string>
				<key>CLANG_WARN_OBJC_ROOT_CLASS</key>
				<string>YES_ERROR</string>
				<key>CLANG_WARN__DUPLICATE_METHOD_MATCH</key>
				<string>YES</string>
				<key>CODE_SIGN_IDENTITY[sdk=iphoneos*]</key>
				<string>iPhone Developer</string>
				<key>COPY_PHASE_STRIP</key>
				<string>YES</string>
				<key>ENABLE_NS_ASSERTIONS</key>
				<string>NO</string>
				<key>GCC_C_LANGUAGE_STANDARD</key>
				<string>gnu99</string>
				<key>GCC_WARN_64_TO_32_BIT_CONVERSION</key>
				<string>YES</string>
				<key>GCC_WARN_ABOUT_RETURN_TYPE</key>
				<string>YES_ERROR</string>
				<key>GCC_WARN_UNDECLARED_SELECTOR</key>
				<string>YES</string>
				<key>GCC_WARN_UNINITIALIZED_AUTOS</key>
				<string>YES_AGGRESSIVE</string>
				<key>GCC_WARN_UNUSED_FUNCTION</key>
				<string>YES</string>
				<key>GCC_WARN_UNUSED_VARIABLE</key>
				<string>YES</string>
				<key>IPHONEOS_DEPLOYMENT_TARGET</key>
				<string>7.1</string>
				<key>SDKROOT</key>
				<string>iphoneos</string>
				<key>TARGETED_DEVICE_FAMILY</key>
				<string>1,2</string>
				<key>VALIDATE_PRODUCT</key>
				<string>YES</string>
			</dict>
			<key>isa</key>
			<string>XCBuildConfiguration</string>
			<key>name</key>
			<string>Release</string>
		</dict>
		<key>8A95577018EF614400469480</key>
		<dict>
			<key>buildConfigurations</key>
			<array>
				<string>8A95577118EF614400469480</string>
				<string>8A95577218EF614400469480</string>
			</array>
			<key>defaultConfigurationIsVisible</key>
			<string>0</string>
			<key>defaultConfigurationName</key>
			<string>Release</string>
			<key>isa</key>
			<string>XCConfigurationList</string>
		</dict>
		<key>8A95577118EF614400469480</key>
		<dict>
			<key>baseConfigurationReference</key>
			<string>02C3FEF678A742628EDA3B4C</string>
			<key>buildSettings</key>
			<dict>
				<key>ASSETCATALOG_COMPILER_APPICON_NAME</key>
				<string>AppIcon</string>
				<key>ASSETCATALOG_COMPILER_LAUNCHIMAGE_NAME</key>
				<string>LaunchImage</string>
				<key>CODE_SIGN_ENTITLEMENTS</key>
				<string>OweIt.entitlements</string>
				<key>CODE_SIGN_IDENTITY</key>
				<string>iPhone Developer</string>
				<key>CODE_SIGN_IDENTITY[sdk=iphoneos*]</key>
				<string>iPhone Developer</string>
				<key>GCC_PRECOMPILE_PREFIX_HEADER</key>
				<string>YES</string>
				<key>GCC_PREFIX_HEADER</key>
				<string>WhatIOwe/OweIt-Prefix.pch</string>
				<key>INFOPLIST_FILE</key>
				<string>WhatIOwe/OweIt-Info.plist</string>
				<key>IPHONEOS_DEPLOYMENT_TARGET</key>
				<string>7.0</string>
				<key>PRODUCT_NAME</key>
				<string>OweIt</string>
				<key>PROVISIONING_PROFILE</key>
				<string></string>
				<key>WRAPPER_EXTENSION</key>
				<string>app</string>
			</dict>
			<key>isa</key>
			<string>XCBuildConfiguration</string>
			<key>name</key>
			<string>Debug</string>
		</dict>
		<key>8A95577218EF614400469480</key>
		<dict>
			<key>baseConfigurationReference</key>
			<string>02C3FEF678A742628EDA3B4C</string>
			<key>buildSettings</key>
			<dict>
				<key>ASSETCATALOG_COMPILER_APPICON_NAME</key>
				<string>AppIcon</string>
				<key>ASSETCATALOG_COMPILER_LAUNCHIMAGE_NAME</key>
				<string>LaunchImage</string>
				<key>CODE_SIGN_ENTITLEMENTS</key>
				<string>OweIt.entitlements</string>
				<key>CODE_SIGN_IDENTITY</key>
				<string>iPhone Developer</string>
				<key>CODE_SIGN_IDENTITY[sdk=iphoneos*]</key>
				<string>iPhone Developer</string>
				<key>GCC_PRECOMPILE_PREFIX_HEADER</key>
				<string>YES</string>
				<key>GCC_PREFIX_HEADER</key>
				<string>WhatIOwe/OweIt-Prefix.pch</string>
				<key>INFOPLIST_FILE</key>
				<string>WhatIOwe/OweIt-Info.plist</string>
				<key>IPHONEOS_DEPLOYMENT_TARGET</key>
				<string>7.0</string>
				<key>PRODUCT_NAME</key>
				<string>OweIt</string>
				<key>PROVISIONING_PROFILE</key>
				<string></string>
				<key>WRAPPER_EXTENSION</key>
				<string>app</string>
			</dict>
			<key>isa</key>
			<string>XCBuildConfiguration</string>
			<key>name</key>
			<string>Release</string>
		</dict>
		<key>8A95577318EF614400469480</key>
		<dict>
			<key>buildConfigurations</key>
			<array>
				<string>8A95577418EF614400469480</string>
				<string>8A95577518EF614400469480</string>
			</array>
			<key>defaultConfigurationIsVisible</key>
			<string>0</string>
			<key>defaultConfigurationName</key>
			<string>Release</string>
			<key>isa</key>
			<string>XCConfigurationList</string>
		</dict>
		<key>8A95577418EF614400469480</key>
		<dict>
			<key>buildSettings</key>
			<dict>
				<key>BUNDLE_LOADER</key>
				<string>$(BUILT_PRODUCTS_DIR)/WhatIOwe.app/WhatIOwe</string>
				<key>FRAMEWORK_SEARCH_PATHS</key>
				<array>
					<string>$(SDKROOT)/Developer/Library/Frameworks</string>
					<string>$(inherited)</string>
					<string>$(DEVELOPER_FRAMEWORKS_DIR)</string>
				</array>
				<key>GCC_PRECOMPILE_PREFIX_HEADER</key>
				<string>YES</string>
				<key>GCC_PREFIX_HEADER</key>
				<string>WhatIOwe/WhatIOwe-Prefix.pch</string>
				<key>GCC_PREPROCESSOR_DEFINITIONS</key>
				<array>
					<string>DEBUG=1</string>
					<string>$(inherited)</string>
				</array>
				<key>INFOPLIST_FILE</key>
				<string>WhatIOweTests/OweItTests-Info.plist</string>
				<key>PRODUCT_NAME</key>
				<string>OweItTests</string>
				<key>TEST_HOST</key>
				<string>$(BUNDLE_LOADER)</string>
				<key>WRAPPER_EXTENSION</key>
				<string>xctest</string>
			</dict>
			<key>isa</key>
			<string>XCBuildConfiguration</string>
			<key>name</key>
			<string>Debug</string>
		</dict>
		<key>8A95577518EF614400469480</key>
		<dict>
			<key>buildSettings</key>
			<dict>
				<key>BUNDLE_LOADER</key>
				<string>$(BUILT_PRODUCTS_DIR)/WhatIOwe.app/WhatIOwe</string>
				<key>FRAMEWORK_SEARCH_PATHS</key>
				<array>
					<string>$(SDKROOT)/Developer/Library/Frameworks</string>
					<string>$(inherited)</string>
					<string>$(DEVELOPER_FRAMEWORKS_DIR)</string>
				</array>
				<key>GCC_PRECOMPILE_PREFIX_HEADER</key>
				<string>YES</string>
				<key>GCC_PREFIX_HEADER</key>
				<string>WhatIOwe/WhatIOwe-Prefix.pch</string>
				<key>INFOPLIST_FILE</key>
				<string>WhatIOweTests/OweItTests-Info.plist</string>
				<key>PRODUCT_NAME</key>
				<string>OweItTests</string>
				<key>TEST_HOST</key>
				<string>$(BUNDLE_LOADER)</string>
				<key>WRAPPER_EXTENSION</key>
				<string>xctest</string>
			</dict>
			<key>isa</key>
			<string>XCBuildConfiguration</string>
			<key>name</key>
			<string>Release</string>
		</dict>
		<key>8A95577F18EF66AA00469480</key>
		<dict>
			<key>fileEncoding</key>
			<string>4</string>
			<key>isa</key>
			<string>PBXFileReference</string>
			<key>lastKnownFileType</key>
			<string>sourcecode.c.h</string>
			<key>name</key>
			<string>MasterViewController.h</string>
			<key>path</key>
			<string>../MasterViewController.h</string>
			<key>sourceTree</key>
			<string>&lt;group&gt;</string>
		</dict>
		<key>8A95578018EF66AA00469480</key>
		<dict>
			<key>fileEncoding</key>
			<string>4</string>
			<key>isa</key>
			<string>PBXFileReference</string>
			<key>lastKnownFileType</key>
			<string>sourcecode.c.objc</string>
			<key>name</key>
			<string>MasterViewController.m</string>
			<key>path</key>
			<string>../MasterViewController.m</string>
			<key>sourceTree</key>
			<string>&lt;group&gt;</string>
		</dict>
		<key>8A95578118EF66AA00469480</key>
		<dict>
			<key>fileRef</key>
			<string>8A95578018EF66AA00469480</string>
			<key>isa</key>
			<string>PBXBuildFile</string>
		</dict>
		<key>8A95578518EF682600469480</key>
		<dict>
			<key>fileEncoding</key>
			<string>4</string>
			<key>isa</key>
			<string>PBXFileReference</string>
			<key>lastKnownFileType</key>
			<string>sourcecode.c.h</string>
			<key>path</key>
			<string>OweDetails.h</string>
			<key>sourceTree</key>
			<string>&lt;group&gt;</string>
		</dict>
		<key>8A95578618EF682600469480</key>
		<dict>
			<key>fileEncoding</key>
			<string>4</string>
			<key>isa</key>
			<string>PBXFileReference</string>
			<key>lastKnownFileType</key>
			<string>sourcecode.c.objc</string>
			<key>path</key>
			<string>OweDetails.m</string>
			<key>sourceTree</key>
			<string>&lt;group&gt;</string>
		</dict>
		<key>8A95578718EF682600469480</key>
		<dict>
			<key>fileRef</key>
			<string>8A95578618EF682600469480</string>
			<key>isa</key>
			<string>PBXBuildFile</string>
		</dict>
		<key>8A95578818EF684700469480</key>
		<dict>
			<key>fileEncoding</key>
			<string>4</string>
			<key>isa</key>
			<string>PBXFileReference</string>
			<key>lastKnownFileType</key>
			<string>sourcecode.c.h</string>
			<key>path</key>
			<string>OweInfo.h</string>
			<key>sourceTree</key>
			<string>&lt;group&gt;</string>
		</dict>
		<key>8A95578918EF684700469480</key>
		<dict>
			<key>fileEncoding</key>
			<string>4</string>
			<key>isa</key>
			<string>PBXFileReference</string>
			<key>lastKnownFileType</key>
			<string>sourcecode.c.objc</string>
			<key>path</key>
			<string>OweInfo.m</string>
			<key>sourceTree</key>
			<string>&lt;group&gt;</string>
		</dict>
		<key>8A95578A18EF684700469480</key>
		<dict>
			<key>fileRef</key>
			<string>8A95578918EF684700469480</string>
			<key>isa</key>
			<string>PBXBuildFile</string>
		</dict>
		<key>8A95578B18EF7F8600469480</key>
		<dict>
			<key>fileEncoding</key>
			<string>4</string>
			<key>isa</key>
			<string>PBXFileReference</string>
			<key>lastKnownFileType</key>
			<string>sourcecode.c.h</string>
			<key>path</key>
			<string>InputViewController.h</string>
			<key>sourceTree</key>
			<string>&lt;group&gt;</string>
		</dict>
		<key>8A95578C18EF7F8600469480</key>
		<dict>
			<key>fileEncoding</key>
			<string>4</string>
			<key>isa</key>
			<string>PBXFileReference</string>
			<key>lastKnownFileType</key>
			<string>sourcecode.c.objc</string>
			<key>path</key>
			<string>InputViewController.m</string>
			<key>sourceTree</key>
			<string>&lt;group&gt;</string>
		</dict>
		<key>8A95578D18EF7F8600469480</key>
		<dict>
			<key>fileRef</key>
			<string>8A95578C18EF7F8600469480</string>
			<key>isa</key>
			<string>PBXBuildFile</string>
		</dict>
		<key>8A95579118EFB2F900469480</key>
		<dict>
			<key>fileEncoding</key>
			<string>4</string>
			<key>isa</key>
			<string>PBXFileReference</string>
			<key>lastKnownFileType</key>
			<string>sourcecode.c.h</string>
			<key>path</key>
			<string>DetailViewController.h</string>
			<key>sourceTree</key>
			<string>&lt;group&gt;</string>
		</dict>
		<key>8A95579218EFB2F900469480</key>
		<dict>
			<key>fileEncoding</key>
			<string>4</string>
			<key>isa</key>
			<string>PBXFileReference</string>
			<key>lastKnownFileType</key>
			<string>sourcecode.c.objc</string>
			<key>path</key>
			<string>DetailViewController.m</string>
			<key>sourceTree</key>
			<string>&lt;group&gt;</string>
		</dict>
		<key>8A95579318EFB2F900469480</key>
		<dict>
			<key>fileRef</key>
			<string>8A95579218EFB2F900469480</string>
			<key>isa</key>
			<string>PBXBuildFile</string>
		</dict>
		<key>9587C2079CFD4787861EF468</key>
		<dict>
			<key>buildActionMask</key>
			<string>2147483647</string>
			<key>files</key>
			<array/>
			<key>inputPaths</key>
			<array/>
			<key>isa</key>
			<string>PBXShellScriptBuildPhase</string>
			<key>name</key>
			<string>Copy Pods Resources</string>
			<key>outputPaths</key>
			<array/>
			<key>runOnlyForDeploymentPostprocessing</key>
			<string>0</string>
			<key>shellPath</key>
			<string>/bin/sh</string>
			<key>shellScript</key>
			<string>"${SRCROOT}/Pods/Pods-resources.sh"
</string>
			<key>showEnvVarsInLog</key>
			<string>0</string>
		</dict>
		<key>F398319583D741EBA9FEDA5B</key>
		<dict>
			<key>fileRef</key>
			<string>021A7D97EAF74EE2839B1EAF</string>
			<key>isa</key>
			<string>PBXBuildFile</string>
		</dict>
	</dict>
	<key>rootObject</key>
	<string>8A95572A18EF614400469480</string>
</dict>
</plist>
