// !$*UTF8*$!
{
	archiveVersion = 1;
	classes = {
	};
	objectVersion = 46;
	objects = {

/* Begin PBXBuildFile section */
		8A07D079191ED525002DE54E /* AVFoundation.framework in Frameworks */ = {isa = PBXBuildFile; fileRef = 8A07D078191ED525002DE54E /* AVFoundation.framework */; };
		8A07D07B191ED609002DE54E /* tap-mellow.aif in Resources */ = {isa = PBXBuildFile; fileRef = 8A07D07A191ED609002DE54E /* tap-mellow.aif */; };
		8A07D07F191ED6AD002DE54E /* slide-scissors.aif in Resources */ = {isa = PBXBuildFile; fileRef = 8A07D07E191ED6AD002DE54E /* slide-scissors.aif */; };
		8A07D081191ED854002DE54E /* slide-paper.aif in Resources */ = {isa = PBXBuildFile; fileRef = 8A07D080191ED854002DE54E /* slide-paper.aif */; };
		8A07D083191EFFBB002DE54E /* pop.aif in Resources */ = {isa = PBXBuildFile; fileRef = 8A07D082191EFFBB002DE54E /* pop.aif */; };
		8A07D085191F00FF002DE54E /* slow.aif in Resources */ = {isa = PBXBuildFile; fileRef = 8A07D084191F00FF002DE54E /* slow.aif */; };
		8A0B1E1419D1D84A00C92141 /* user.png in Resources */ = {isa = PBXBuildFile; fileRef = 8A0B1E1319D1D84A00C92141 /* user.png */; };
		8A0B1E1B19D1DF1000C92141 /* pencil.png in Resources */ = {isa = PBXBuildFile; fileRef = 8A0B1E1A19D1DF1000C92141 /* pencil.png */; };
		8A0F707F18F0E98300D5732C /* PersistentStack.m in Sources */ = {isa = PBXBuildFile; fileRef = 8A0F707E18F0E98300D5732C /* PersistentStack.m */; };
		8A0F709418F1C6F100D5732C /* OweTableViewCell.m in Sources */ = {isa = PBXBuildFile; fileRef = 8A0F709318F1C6F100D5732C /* OweTableViewCell.m */; };
		8A0F709618F1C94A00D5732C /* 11HLzyx.png in Resources */ = {isa = PBXBuildFile; fileRef = 8A0F709518F1C94A00D5732C /* 11HLzyx.png */; };
		8A0F709C18F1CDAC00D5732C /* Add.png in Resources */ = {isa = PBXBuildFile; fileRef = 8A0F709B18F1CDAC00D5732C /* Add.png */; };
		8A0F709E18F1CDAF00D5732C /* Subtract.png in Resources */ = {isa = PBXBuildFile; fileRef = 8A0F709D18F1CDAF00D5732C /* Subtract.png */; };
		8A0F70A218F1D14D00D5732C /* FooterViewController.m in Sources */ = {isa = PBXBuildFile; fileRef = 8A0F70A018F1D14D00D5732C /* FooterViewController.m */; };
		8A0F70A318F1D14D00D5732C /* FooterViewController.xib in Resources */ = {isa = PBXBuildFile; fileRef = 8A0F70A118F1D14D00D5732C /* FooterViewController.xib */; };
		8A0F70B018F24E1600D5732C /* Green.png in Resources */ = {isa = PBXBuildFile; fileRef = 8A0F70AF18F24E1600D5732C /* Green.png */; };
		8A0F70B418F2542C00D5732C /* TEst1.png in Resources */ = {isa = PBXBuildFile; fileRef = 8A0F70B318F2542C00D5732C /* TEst1.png */; };
		8A0F70B618F2554600D5732C /* +$.png in Resources */ = {isa = PBXBuildFile; fileRef = 8A0F70B518F2554600D5732C /* +$.png */; };
		8A0F70B818F2560200D5732C /* -$.png in Resources */ = {isa = PBXBuildFile; fileRef = 8A0F70B718F2560200D5732C /* -$.png */; };
		8A0F70C218F2F40600D5732C /* ClearSans-Bold.ttf in Resources */ = {isa = PBXBuildFile; fileRef = 8A0F70BA18F2F40600D5732C /* ClearSans-Bold.ttf */; };
		8A0F70C318F2F40600D5732C /* ClearSans-BoldItalic.ttf in Resources */ = {isa = PBXBuildFile; fileRef = 8A0F70BB18F2F40600D5732C /* ClearSans-BoldItalic.ttf */; };
		8A0F70C418F2F40600D5732C /* ClearSans-Italic.ttf in Resources */ = {isa = PBXBuildFile; fileRef = 8A0F70BC18F2F40600D5732C /* ClearSans-Italic.ttf */; };
		8A0F70C518F2F40600D5732C /* ClearSans-Light.ttf in Resources */ = {isa = PBXBuildFile; fileRef = 8A0F70BD18F2F40600D5732C /* ClearSans-Light.ttf */; };
		8A0F70C618F2F40600D5732C /* ClearSans-Medium.ttf in Resources */ = {isa = PBXBuildFile; fileRef = 8A0F70BE18F2F40600D5732C /* ClearSans-Medium.ttf */; };
		8A0F70C718F2F40600D5732C /* ClearSans-MediumItalic.ttf in Resources */ = {isa = PBXBuildFile; fileRef = 8A0F70BF18F2F40600D5732C /* ClearSans-MediumItalic.ttf */; };
		8A0F70C818F2F40600D5732C /* ClearSans-Regular.ttf in Resources */ = {isa = PBXBuildFile; fileRef = 8A0F70C018F2F40600D5732C /* ClearSans-Regular.ttf */; };
		8A0F70C918F2F40600D5732C /* ClearSans-Thin.ttf in Resources */ = {isa = PBXBuildFile; fileRef = 8A0F70C118F2F40600D5732C /* ClearSans-Thin.ttf */; };
		8A0F70CB18F2FC6400D5732C /* Test2.png in Resources */ = {isa = PBXBuildFile; fileRef = 8A0F70CA18F2FC6400D5732C /* Test2.png */; };
		8A0F70CD18F2FF0400D5732C /* Red.png in Resources */ = {isa = PBXBuildFile; fileRef = 8A0F70CC18F2FF0400D5732C /* Red.png */; };
		8A22171A19216D4200E0DDDB /* Instabug.bundle in Resources */ = {isa = PBXBuildFile; fileRef = 8A22171819216D4200E0DDDB /* Instabug.bundle */; };
		8A22171B19216D4200E0DDDB /* Instabug.framework in Frameworks */ = {isa = PBXBuildFile; fileRef = 8A22171919216D4200E0DDDB /* Instabug.framework */; };
		8A22171D19216D5600E0DDDB /* AudioToolbox.framework in Frameworks */ = {isa = PBXBuildFile; fileRef = 8A22171C19216D5600E0DDDB /* AudioToolbox.framework */; };
		8A22171F19216D6200E0DDDB /* OpenGLES.framework in Frameworks */ = {isa = PBXBuildFile; fileRef = 8A22171E19216D6200E0DDDB /* OpenGLES.framework */; };
		8A22172119216D6700E0DDDB /* GLKit.framework in Frameworks */ = {isa = PBXBuildFile; fileRef = 8A22172019216D6700E0DDDB /* GLKit.framework */; };
		8A22172319216D6F00E0DDDB /* QuartzCore.framework in Frameworks */ = {isa = PBXBuildFile; fileRef = 8A22172219216D6F00E0DDDB /* QuartzCore.framework */; };
		8A22172519216D7600E0DDDB /* SystemConfiguration.framework in Frameworks */ = {isa = PBXBuildFile; fileRef = 8A22172419216D7600E0DDDB /* SystemConfiguration.framework */; };
		8A22172719216D7C00E0DDDB /* CoreLocation.framework in Frameworks */ = {isa = PBXBuildFile; fileRef = 8A22172619216D7C00E0DDDB /* CoreLocation.framework */; };
		8A22172919216D8100E0DDDB /* CoreTelephony.framework in Frameworks */ = {isa = PBXBuildFile; fileRef = 8A22172819216D8100E0DDDB /* CoreTelephony.framework */; };
		8A34E69519CB3A9000D19F3A /* StyleController.m in Sources */ = {isa = PBXBuildFile; fileRef = 8A34E69419CB3A9000D19F3A /* StyleController.m */; };
		8A34E6AE19CBD84D00D19F3A /* NSMutableArray+SWUtilityButtons.m in Sources */ = {isa = PBXBuildFile; fileRef = 8A34E6A319CBD84D00D19F3A /* NSMutableArray+SWUtilityButtons.m */; };
		8A34E6AF19CBD84D00D19F3A /* SWCellScrollView.m in Sources */ = {isa = PBXBuildFile; fileRef = 8A34E6A519CBD84D00D19F3A /* SWCellScrollView.m */; };
		8A34E6B019CBD84D00D19F3A /* SWLongPressGestureRecognizer.m in Sources */ = {isa = PBXBuildFile; fileRef = 8A34E6A719CBD84D00D19F3A /* SWLongPressGestureRecognizer.m */; };
		8A34E6B119CBD84D00D19F3A /* SWTableViewCell.m in Sources */ = {isa = PBXBuildFile; fileRef = 8A34E6A919CBD84D00D19F3A /* SWTableViewCell.m */; };
		8A34E6B219CBD84D00D19F3A /* SWUtilityButtonTapGestureRecognizer.m in Sources */ = {isa = PBXBuildFile; fileRef = 8A34E6AB19CBD84D00D19F3A /* SWUtilityButtonTapGestureRecognizer.m */; };
		8A34E6B319CBD84D00D19F3A /* SWUtilityButtonView.m in Sources */ = {isa = PBXBuildFile; fileRef = 8A34E6AD19CBD84D00D19F3A /* SWUtilityButtonView.m */; };
		8A34E6B819CBD8DB00D19F3A /* check@2x.png in Resources */ = {isa = PBXBuildFile; fileRef = 8A34E6B419CBD8DB00D19F3A /* check@2x.png */; };
		8A34E6B919CBD8DB00D19F3A /* clock@2x.png in Resources */ = {isa = PBXBuildFile; fileRef = 8A34E6B519CBD8DB00D19F3A /* clock@2x.png */; };
		8A34E6BA19CBD8DB00D19F3A /* cross@2x.png in Resources */ = {isa = PBXBuildFile; fileRef = 8A34E6B619CBD8DB00D19F3A /* cross@2x.png */; };
		8A34E6BB19CBD8DB00D19F3A /* list@2x.png in Resources */ = {isa = PBXBuildFile; fileRef = 8A34E6B719CBD8DB00D19F3A /* list@2x.png */; };
		8A3A80EA190D80C6003DDB0F /* Neou-Bold.ttf in Resources */ = {isa = PBXBuildFile; fileRef = 8A3A80E9190D80C6003DDB0F /* Neou-Bold.ttf */; };
		8A3A80EC190D852C003DDB0F /* Neou-Thin.ttf in Resources */ = {isa = PBXBuildFile; fileRef = 8A3A80EB190D852C003DDB0F /* Neou-Thin.ttf */; };
		8A3F330319DE2A300075ECC2 /* IBActionSheet.m in Sources */ = {isa = PBXBuildFile; fileRef = 8A3F330219DE2A300075ECC2 /* IBActionSheet.m */; };
		8A3F331319E3B3490075ECC2 /* Contents.json in Resources */ = {isa = PBXBuildFile; fileRef = 8A3F330819E3B3490075ECC2 /* Contents.json */; };
		8A3F331419E3B34A0075ECC2 /* Icon-40.png in Resources */ = {isa = PBXBuildFile; fileRef = 8A3F330919E3B3490075ECC2 /* Icon-40.png */; };
		8A3F331519E3B34A0075ECC2 /* Icon-40@2x.png in Resources */ = {isa = PBXBuildFile; fileRef = 8A3F330A19E3B3490075ECC2 /* Icon-40@2x.png */; };
		8A3F331619E3B34A0075ECC2 /* Icon-40@3x.png in Resources */ = {isa = PBXBuildFile; fileRef = 8A3F330B19E3B3490075ECC2 /* Icon-40@3x.png */; };
		8A3F331719E3B34A0075ECC2 /* Icon-60@2x.png in Resources */ = {isa = PBXBuildFile; fileRef = 8A3F330C19E3B3490075ECC2 /* Icon-60@2x.png */; };
		8A3F331819E3B34A0075ECC2 /* Icon-60@3x.png in Resources */ = {isa = PBXBuildFile; fileRef = 8A3F330D19E3B3490075ECC2 /* Icon-60@3x.png */; };
		8A3F331919E3B34A0075ECC2 /* Icon-76.png in Resources */ = {isa = PBXBuildFile; fileRef = 8A3F330E19E3B3490075ECC2 /* Icon-76.png */; };
		8A3F331A19E3B34A0075ECC2 /* Icon-76@2x.png in Resources */ = {isa = PBXBuildFile; fileRef = 8A3F330F19E3B3490075ECC2 /* Icon-76@2x.png */; };
		8A3F331B19E3B34A0075ECC2 /* Icon-Small.png in Resources */ = {isa = PBXBuildFile; fileRef = 8A3F331019E3B3490075ECC2 /* Icon-Small.png */; };
		8A3F331C19E3B34A0075ECC2 /* Icon-Small@2x.png in Resources */ = {isa = PBXBuildFile; fileRef = 8A3F331119E3B3490075ECC2 /* Icon-Small@2x.png */; };
		8A3F331D19E3B34A0075ECC2 /* Icon-Small@3x.png in Resources */ = {isa = PBXBuildFile; fileRef = 8A3F331219E3B3490075ECC2 /* Icon-Small@3x.png */; };
		8A4D430718F4B217001E7D76 /* Dateless.png in Resources */ = {isa = PBXBuildFile; fileRef = 8A4D430618F4B217001E7D76 /* Dateless.png */; };
		8A4D430F18F5A826001E7D76 /* DeleteButton.png in Resources */ = {isa = PBXBuildFile; fileRef = 8A4D430E18F5A826001E7D76 /* DeleteButton.png */; };
		8A4D431818F5B0E0001E7D76 /* EditTableViewCell.m in Sources */ = {isa = PBXBuildFile; fileRef = 8A4D431718F5B0E0001E7D76 /* EditTableViewCell.m */; };
		8A4D432718F5C0BC001E7D76 /* Left.png in Resources */ = {isa = PBXBuildFile; fileRef = 8A4D432518F5C0BC001E7D76 /* Left.png */; };
		8A4D432818F5C0BC001E7D76 /* Right.png in Resources */ = {isa = PBXBuildFile; fileRef = 8A4D432618F5C0BC001E7D76 /* Right.png */; };
		8A6EAAFD19C8DF90004CCFFA /* settings18.png in Resources */ = {isa = PBXBuildFile; fileRef = 8A6EAAFC19C8DF90004CCFFA /* settings18.png */; };
		8A6EAAFF19C8DFF1004CCFFA /* gear.png in Resources */ = {isa = PBXBuildFile; fileRef = 8A6EAAFE19C8DFF1004CCFFA /* gear.png */; };
		8A6EAB0119C8E035004CCFFA /* three115.png in Resources */ = {isa = PBXBuildFile; fileRef = 8A6EAB0019C8E035004CCFFA /* three115.png */; };
		8A6EAB0419C8E0EE004CCFFA /* SettingsViewController.m in Sources */ = {isa = PBXBuildFile; fileRef = 8A6EAB0319C8E0EE004CCFFA /* SettingsViewController.m */; };
		8A7A7EEE19D7482500F0F651 /* EditViewController.m in Sources */ = {isa = PBXBuildFile; fileRef = 8A7A7EED19D7482500F0F651 /* EditViewController.m */; };
		8A7A7F2B19DAF69600F0F651 /* background.jpg in Resources */ = {isa = PBXBuildFile; fileRef = 8A7A7F2A19DAF69600F0F651 /* background.jpg */; };
		8A7A7F2F19DAFD5C00F0F651 /* plus.png in Resources */ = {isa = PBXBuildFile; fileRef = 8A7A7F2E19DAFD5C00F0F651 /* plus.png */; };
		8A95573618EF614400469480 /* Foundation.framework in Frameworks */ = {isa = PBXBuildFile; fileRef = 8A95573518EF614400469480 /* Foundation.framework */; };
		8A95573818EF614400469480 /* CoreGraphics.framework in Frameworks */ = {isa = PBXBuildFile; fileRef = 8A95573718EF614400469480 /* CoreGraphics.framework */; };
		8A95573A18EF614400469480 /* UIKit.framework in Frameworks */ = {isa = PBXBuildFile; fileRef = 8A95573918EF614400469480 /* UIKit.framework */; };
		8A95573C18EF614400469480 /* CoreData.framework in Frameworks */ = {isa = PBXBuildFile; fileRef = 8A95573B18EF614400469480 /* CoreData.framework */; };
		8A95574218EF614400469480 /* InfoPlist.strings in Resources */ = {isa = PBXBuildFile; fileRef = 8A95574018EF614400469480 /* InfoPlist.strings */; };
		8A95574418EF614400469480 /* main.m in Sources */ = {isa = PBXBuildFile; fileRef = 8A95574318EF614400469480 /* main.m */; };
		8A95574818EF614400469480 /* AppDelegate.m in Sources */ = {isa = PBXBuildFile; fileRef = 8A95574718EF614400469480 /* AppDelegate.m */; };
		8A95574B18EF614400469480 /* Main_iPhone.storyboard in Resources */ = {isa = PBXBuildFile; fileRef = 8A95574918EF614400469480 /* Main_iPhone.storyboard */; };
		8A95574E18EF614400469480 /* Main_iPad.storyboard in Resources */ = {isa = PBXBuildFile; fileRef = 8A95574C18EF614400469480 /* Main_iPad.storyboard */; };
		8A95575118EF614400469480 /* WhatIOwe.xcdatamodeld in Sources */ = {isa = PBXBuildFile; fileRef = 8A95574F18EF614400469480 /* WhatIOwe.xcdatamodeld */; };
		8A95575918EF614400469480 /* Images.xcassets in Resources */ = {isa = PBXBuildFile; fileRef = 8A95575818EF614400469480 /* Images.xcassets */; };
		8A95576018EF614400469480 /* XCTest.framework in Frameworks */ = {isa = PBXBuildFile; fileRef = 8A95575F18EF614400469480 /* XCTest.framework */; };
		8A95576118EF614400469480 /* Foundation.framework in Frameworks */ = {isa = PBXBuildFile; fileRef = 8A95573518EF614400469480 /* Foundation.framework */; };
		8A95576218EF614400469480 /* UIKit.framework in Frameworks */ = {isa = PBXBuildFile; fileRef = 8A95573918EF614400469480 /* UIKit.framework */; };
		8A95576318EF614400469480 /* CoreData.framework in Frameworks */ = {isa = PBXBuildFile; fileRef = 8A95573B18EF614400469480 /* CoreData.framework */; };
		8A95576B18EF614400469480 /* InfoPlist.strings in Resources */ = {isa = PBXBuildFile; fileRef = 8A95576918EF614400469480 /* InfoPlist.strings */; };
		8A95576D18EF614400469480 /* WhatIOweTests.m in Sources */ = {isa = PBXBuildFile; fileRef = 8A95576C18EF614400469480 /* WhatIOweTests.m */; };
		8A95578118EF66AA00469480 /* MasterViewController.m in Sources */ = {isa = PBXBuildFile; fileRef = 8A95578018EF66AA00469480 /* MasterViewController.m */; };
		8A95578718EF682600469480 /* OweDetails.m in Sources */ = {isa = PBXBuildFile; fileRef = 8A95578618EF682600469480 /* OweDetails.m */; };
		8A95578A18EF684700469480 /* OweInfo.m in Sources */ = {isa = PBXBuildFile; fileRef = 8A95578918EF684700469480 /* OweInfo.m */; };
		8A95578D18EF7F8600469480 /* InputViewController.m in Sources */ = {isa = PBXBuildFile; fileRef = 8A95578C18EF7F8600469480 /* InputViewController.m */; };
		8A95579318EFB2F900469480 /* DetailViewController.m in Sources */ = {isa = PBXBuildFile; fileRef = 8A95579218EFB2F900469480 /* DetailViewController.m */; };
		8AACC50719E76AF3005397F4 /* DismissSegue.m in Sources */ = {isa = PBXBuildFile; fileRef = 8AACC50619E76AF3005397F4 /* DismissSegue.m */; };
		8ABB4E2B1AB1F3C600214333 /* WhatIOwe.xcdatamodeld in Sources */ = {isa = PBXBuildFile; fileRef = 8A95574F18EF614400469480 /* WhatIOwe.xcdatamodeld */; };
		8ABB4E2D1AB2273F00214333 /* PersistentStack.m in Sources */ = {isa = PBXBuildFile; fileRef = 8A0F707E18F0E98300D5732C /* PersistentStack.m */; };
		8ABB4E2E1AB228D200214333 /* TodayViewController.m in Sources */ = {isa = PBXBuildFile; fileRef = 8AD0689F1AB1EB42000190B9 /* TodayViewController.m */; };
		8ABB4E341AB2322600214333 /* OweInfo.m in Sources */ = {isa = PBXBuildFile; fileRef = 8A95578918EF684700469480 /* OweInfo.m */; };
		8ABB4E361AB2322600214333 /* OweDetails.m in Sources */ = {isa = PBXBuildFile; fileRef = 8A95578618EF682600469480 /* OweDetails.m */; };
		8ABB4E391AB23DD600214333 /* Images.xcassets in Resources */ = {isa = PBXBuildFile; fileRef = 8A95575818EF614400469480 /* Images.xcassets */; };
		8ABB4E451AB2731900214333 /* TodayTableViewCell.m in Sources */ = {isa = PBXBuildFile; fileRef = 8ABB4E431AB2731900214333 /* TodayTableViewCell.m */; };
		8ABB4E461AB27A8800214333 /* TodayTableViewCell.m in Sources */ = {isa = PBXBuildFile; fileRef = 8ABB4E431AB2731900214333 /* TodayTableViewCell.m */; };
		8ABB4E481AB2966500214333 /* TodayViewCell.xib in Resources */ = {isa = PBXBuildFile; fileRef = 8ABB4E471AB2966500214333 /* TodayViewCell.xib */; };
		8ABB4E491AB2966500214333 /* TodayViewCell.xib in Resources */ = {isa = PBXBuildFile; fileRef = 8ABB4E471AB2966500214333 /* TodayViewCell.xib */; };
		8ABB4E4B1AB299FA00214333 /* user_white.png in Resources */ = {isa = PBXBuildFile; fileRef = 8ABB4E4A1AB299FA00214333 /* user_white.png */; };
		8ABB4E4C1AB299FA00214333 /* user_white.png in Resources */ = {isa = PBXBuildFile; fileRef = 8ABB4E4A1AB299FA00214333 /* user_white.png */; };
		8ABFAF8218F47F2000D503C4 /* 1397001691_alarm_clock.png in Resources */ = {isa = PBXBuildFile; fileRef = 8ABFAF8118F47F2000D503C4 /* 1397001691_alarm_clock.png */; };
		8AC1622419207661004DC078 /* Security.framework in Frameworks */ = {isa = PBXBuildFile; fileRef = 8AC1622319207661004DC078 /* Security.framework */; };
		8AC1622619207668004DC078 /* libz.1.2.5.dylib in Frameworks */ = {isa = PBXBuildFile; fileRef = 8AC1622519207668004DC078 /* libz.1.2.5.dylib */; };
		8AC16228192076B7004DC078 /* libz.dylib in Frameworks */ = {isa = PBXBuildFile; fileRef = 8AC16227192076B7004DC078 /* libz.dylib */; };
		8AC1622A19207714004DC078 /* libxml2.dylib in Frameworks */ = {isa = PBXBuildFile; fileRef = 8AC1622919207714004DC078 /* libxml2.dylib */; };
		8AD0689A1AB1EB42000190B9 /* NotificationCenter.framework in Frameworks */ = {isa = PBXBuildFile; fileRef = 8A1761D519D060A5009A94C0 /* NotificationCenter.framework */; };
		8AD068A01AB1EB42000190B9 /* TodayViewController.m in Sources */ = {isa = PBXBuildFile; fileRef = 8AD0689F1AB1EB42000190B9 /* TodayViewController.m */; };
		8AD068A21AB1EB42000190B9 /* MainInterface.storyboard in Resources */ = {isa = PBXBuildFile; fileRef = 8AD068A11AB1EB42000190B9 /* MainInterface.storyboard */; };
		8AD068A51AB1EB42000190B9 /* PayUp.appex in Embed App Extensions */ = {isa = PBXBuildFile; fileRef = 8AD068991AB1EB42000190B9 /* PayUp.appex */; settings = {ATTRIBUTES = (RemoveHeadersOnCopy, ); }; };
		8AE2B63A18F48D4A00D4E203 /* Bad.png in Resources */ = {isa = PBXBuildFile; fileRef = 8AE2B63918F48D4A00D4E203 /* Bad.png */; };
		8AE2B63C18F48D4E00D4E203 /* Good.png in Resources */ = {isa = PBXBuildFile; fileRef = 8AE2B63B18F48D4E00D4E203 /* Good.png */; };
		8AE330A219DB2CF000F93648 /* DatePickerViewController.m in Sources */ = {isa = PBXBuildFile; fileRef = 8AE330A119DB2CF000F93648 /* DatePickerViewController.m */; };
		8AE330D019DC6DD800F93648 /* SelectionViewController.m in Sources */ = {isa = PBXBuildFile; fileRef = 8AE330CF19DC6DD800F93648 /* SelectionViewController.m */; };
		8AE330D619DC833100F93648 /* WYPopoverController.m in Sources */ = {isa = PBXBuildFile; fileRef = 8AE330D319DC833000F93648 /* WYPopoverController.m */; };
		8AE330D719DC833100F93648 /* WYStoryboardPopoverSegue.m in Sources */ = {isa = PBXBuildFile; fileRef = 8AE330D519DC833000F93648 /* WYStoryboardPopoverSegue.m */; };
		8AF6E2AC19F6D89000F6C4FE /* Launch Screen.xib in Resources */ = {isa = PBXBuildFile; fileRef = 8AF6E2AB19F6D89000F6C4FE /* Launch Screen.xib */; };
		8AFEDC6F19088978004D8FE8 /* MessageUI.framework in Frameworks */ = {isa = PBXBuildFile; fileRef = 8AFEDC6E19088978004D8FE8 /* MessageUI.framework */; };
		F398319583D741EBA9FEDA5B /* libPods.a in Frameworks */ = {isa = PBXBuildFile; fileRef = 021A7D97EAF74EE2839B1EAF /* libPods.a */; };
/* End PBXBuildFile section */

/* Begin PBXContainerItemProxy section */
		8A95576418EF614400469480 /* PBXContainerItemProxy */ = {
			isa = PBXContainerItemProxy;
			containerPortal = 8A95572A18EF614400469480 /* Project object */;
			proxyType = 1;
			remoteGlobalIDString = 8A95573118EF614400469480;
			remoteInfo = WhatIOwe;
		};
		8AD068A31AB1EB42000190B9 /* PBXContainerItemProxy */ = {
			isa = PBXContainerItemProxy;
			containerPortal = 8A95572A18EF614400469480 /* Project object */;
			proxyType = 1;
			remoteGlobalIDString = 8AD068981AB1EB42000190B9;
			remoteInfo = "PayUp-Today";
		};
/* End PBXContainerItemProxy section */

/* Begin PBXCopyFilesBuildPhase section */
		8A1761E719D060A6009A94C0 /* Embed App Extensions */ = {
			isa = PBXCopyFilesBuildPhase;
			buildActionMask = 2147483647;
			dstPath = "";
			dstSubfolderSpec = 13;
			files = (
				8AD068A51AB1EB42000190B9 /* PayUp.appex in Embed App Extensions */,
			);
			name = "Embed App Extensions";
			runOnlyForDeploymentPostprocessing = 0;
		};
/* End PBXCopyFilesBuildPhase section */

/* Begin PBXFileReference section */
		021A7D97EAF74EE2839B1EAF /* libPods.a */ = {isa = PBXFileReference; explicitFileType = archive.ar; includeInIndex = 0; path = libPods.a; sourceTree = BUILT_PRODUCTS_DIR; };
		146122C4007F8088BC023479 /* Pods.release.xcconfig */ = {isa = PBXFileReference; includeInIndex = 1; lastKnownFileType = text.xcconfig; name = Pods.release.xcconfig; path = "Pods/Target Support Files/Pods/Pods.release.xcconfig"; sourceTree = "<group>"; };
		3B51BA624DBE3F73916DF38A /* Pods.debug.xcconfig */ = {isa = PBXFileReference; includeInIndex = 1; lastKnownFileType = text.xcconfig; name = Pods.debug.xcconfig; path = "Pods/Target Support Files/Pods/Pods.debug.xcconfig"; sourceTree = "<group>"; };
		8A07D078191ED525002DE54E /* AVFoundation.framework */ = {isa = PBXFileReference; lastKnownFileType = wrapper.framework; name = AVFoundation.framework; path = System/Library/Frameworks/AVFoundation.framework; sourceTree = SDKROOT; };
		8A07D07A191ED609002DE54E /* tap-mellow.aif */ = {isa = PBXFileReference; lastKnownFileType = file; path = "tap-mellow.aif"; sourceTree = "<group>"; };
		8A07D07E191ED6AD002DE54E /* slide-scissors.aif */ = {isa = PBXFileReference; lastKnownFileType = file; path = "slide-scissors.aif"; sourceTree = "<group>"; };
		8A07D080191ED854002DE54E /* slide-paper.aif */ = {isa = PBXFileReference; lastKnownFileType = file; path = "slide-paper.aif"; sourceTree = "<group>"; };
		8A07D082191EFFBB002DE54E /* pop.aif */ = {isa = PBXFileReference; lastKnownFileType = file; path = pop.aif; sourceTree = "<group>"; };
		8A07D084191F00FF002DE54E /* slow.aif */ = {isa = PBXFileReference; lastKnownFileType = file; path = slow.aif; sourceTree = "<group>"; };
		8A0B1E1319D1D84A00C92141 /* user.png */ = {isa = PBXFileReference; lastKnownFileType = image.png; path = user.png; sourceTree = "<group>"; };
		8A0B1E1A19D1DF1000C92141 /* pencil.png */ = {isa = PBXFileReference; lastKnownFileType = image.png; path = pencil.png; sourceTree = "<group>"; };
		8A0F707C18F0E6D000D5732C /* OweIt.entitlements */ = {isa = PBXFileReference; lastKnownFileType = text.xml; path = OweIt.entitlements; sourceTree = SOURCE_ROOT; };
		8A0F707D18F0E98300D5732C /* PersistentStack.h */ = {isa = PBXFileReference; fileEncoding = 4; lastKnownFileType = sourcecode.c.h; path = PersistentStack.h; sourceTree = "<group>"; };
		8A0F707E18F0E98300D5732C /* PersistentStack.m */ = {isa = PBXFileReference; fileEncoding = 4; lastKnownFileType = sourcecode.c.objc; path = PersistentStack.m; sourceTree = "<group>"; };
		8A0F709218F1C6F100D5732C /* OweTableViewCell.h */ = {isa = PBXFileReference; fileEncoding = 4; lastKnownFileType = sourcecode.c.h; path = OweTableViewCell.h; sourceTree = "<group>"; };
		8A0F709318F1C6F100D5732C /* OweTableViewCell.m */ = {isa = PBXFileReference; fileEncoding = 4; lastKnownFileType = sourcecode.c.objc; path = OweTableViewCell.m; sourceTree = "<group>"; };
		8A0F709518F1C94A00D5732C /* 11HLzyx.png */ = {isa = PBXFileReference; lastKnownFileType = image.png; path = 11HLzyx.png; sourceTree = "<group>"; };
		8A0F709B18F1CDAC00D5732C /* Add.png */ = {isa = PBXFileReference; lastKnownFileType = image.png; path = Add.png; sourceTree = "<group>"; };
		8A0F709D18F1CDAF00D5732C /* Subtract.png */ = {isa = PBXFileReference; lastKnownFileType = image.png; path = Subtract.png; sourceTree = "<group>"; };
		8A0F709F18F1D14D00D5732C /* FooterViewController.h */ = {isa = PBXFileReference; fileEncoding = 4; lastKnownFileType = sourcecode.c.h; path = FooterViewController.h; sourceTree = "<group>"; };
		8A0F70A018F1D14D00D5732C /* FooterViewController.m */ = {isa = PBXFileReference; fileEncoding = 4; lastKnownFileType = sourcecode.c.objc; path = FooterViewController.m; sourceTree = "<group>"; };
		8A0F70A118F1D14D00D5732C /* FooterViewController.xib */ = {isa = PBXFileReference; fileEncoding = 4; lastKnownFileType = file.xib; path = FooterViewController.xib; sourceTree = "<group>"; };
		8A0F70AF18F24E1600D5732C /* Green.png */ = {isa = PBXFileReference; lastKnownFileType = image.png; path = Green.png; sourceTree = "<group>"; };
		8A0F70B318F2542C00D5732C /* TEst1.png */ = {isa = PBXFileReference; lastKnownFileType = image.png; path = TEst1.png; sourceTree = "<group>"; };
		8A0F70B518F2554600D5732C /* +$.png */ = {isa = PBXFileReference; lastKnownFileType = image.png; path = "+$.png"; sourceTree = "<group>"; };
		8A0F70B718F2560200D5732C /* -$.png */ = {isa = PBXFileReference; lastKnownFileType = image.png; path = "-$.png"; sourceTree = "<group>"; };
		8A0F70BA18F2F40600D5732C /* ClearSans-Bold.ttf */ = {isa = PBXFileReference; lastKnownFileType = file; path = "ClearSans-Bold.ttf"; sourceTree = "<group>"; };
		8A0F70BB18F2F40600D5732C /* ClearSans-BoldItalic.ttf */ = {isa = PBXFileReference; lastKnownFileType = file; path = "ClearSans-BoldItalic.ttf"; sourceTree = "<group>"; };
		8A0F70BC18F2F40600D5732C /* ClearSans-Italic.ttf */ = {isa = PBXFileReference; lastKnownFileType = file; path = "ClearSans-Italic.ttf"; sourceTree = "<group>"; };
		8A0F70BD18F2F40600D5732C /* ClearSans-Light.ttf */ = {isa = PBXFileReference; lastKnownFileType = file; path = "ClearSans-Light.ttf"; sourceTree = "<group>"; };
		8A0F70BE18F2F40600D5732C /* ClearSans-Medium.ttf */ = {isa = PBXFileReference; lastKnownFileType = file; path = "ClearSans-Medium.ttf"; sourceTree = "<group>"; };
		8A0F70BF18F2F40600D5732C /* ClearSans-MediumItalic.ttf */ = {isa = PBXFileReference; lastKnownFileType = file; path = "ClearSans-MediumItalic.ttf"; sourceTree = "<group>"; };
		8A0F70C018F2F40600D5732C /* ClearSans-Regular.ttf */ = {isa = PBXFileReference; lastKnownFileType = file; path = "ClearSans-Regular.ttf"; sourceTree = "<group>"; };
		8A0F70C118F2F40600D5732C /* ClearSans-Thin.ttf */ = {isa = PBXFileReference; lastKnownFileType = file; path = "ClearSans-Thin.ttf"; sourceTree = "<group>"; };
		8A0F70CA18F2FC6400D5732C /* Test2.png */ = {isa = PBXFileReference; lastKnownFileType = image.png; path = Test2.png; sourceTree = "<group>"; };
		8A0F70CC18F2FF0400D5732C /* Red.png */ = {isa = PBXFileReference; lastKnownFileType = image.png; path = Red.png; sourceTree = "<group>"; };
		8A1761D519D060A5009A94C0 /* NotificationCenter.framework */ = {isa = PBXFileReference; lastKnownFileType = wrapper.framework; name = NotificationCenter.framework; path = System/Library/Frameworks/NotificationCenter.framework; sourceTree = SDKROOT; };
		8A22171819216D4200E0DDDB /* Instabug.bundle */ = {isa = PBXFileReference; lastKnownFileType = "wrapper.plug-in"; path = Instabug.bundle; sourceTree = "<group>"; };
		8A22171919216D4200E0DDDB /* Instabug.framework */ = {isa = PBXFileReference; lastKnownFileType = wrapper.framework; path = Instabug.framework; sourceTree = "<group>"; };
		8A22171C19216D5600E0DDDB /* AudioToolbox.framework */ = {isa = PBXFileReference; lastKnownFileType = wrapper.framework; name = AudioToolbox.framework; path = System/Library/Frameworks/AudioToolbox.framework; sourceTree = SDKROOT; };
		8A22171E19216D6200E0DDDB /* OpenGLES.framework */ = {isa = PBXFileReference; lastKnownFileType = wrapper.framework; name = OpenGLES.framework; path = System/Library/Frameworks/OpenGLES.framework; sourceTree = SDKROOT; };
		8A22172019216D6700E0DDDB /* GLKit.framework */ = {isa = PBXFileReference; lastKnownFileType = wrapper.framework; name = GLKit.framework; path = System/Library/Frameworks/GLKit.framework; sourceTree = SDKROOT; };
		8A22172219216D6F00E0DDDB /* QuartzCore.framework */ = {isa = PBXFileReference; lastKnownFileType = wrapper.framework; name = QuartzCore.framework; path = System/Library/Frameworks/QuartzCore.framework; sourceTree = SDKROOT; };
		8A22172419216D7600E0DDDB /* SystemConfiguration.framework */ = {isa = PBXFileReference; lastKnownFileType = wrapper.framework; name = SystemConfiguration.framework; path = System/Library/Frameworks/SystemConfiguration.framework; sourceTree = SDKROOT; };
		8A22172619216D7C00E0DDDB /* CoreLocation.framework */ = {isa = PBXFileReference; lastKnownFileType = wrapper.framework; name = CoreLocation.framework; path = System/Library/Frameworks/CoreLocation.framework; sourceTree = SDKROOT; };
		8A22172819216D8100E0DDDB /* CoreTelephony.framework */ = {isa = PBXFileReference; lastKnownFileType = wrapper.framework; name = CoreTelephony.framework; path = System/Library/Frameworks/CoreTelephony.framework; sourceTree = SDKROOT; };
		8A34E69319CB3A9000D19F3A /* StyleController.h */ = {isa = PBXFileReference; fileEncoding = 4; lastKnownFileType = sourcecode.c.h; path = StyleController.h; sourceTree = "<group>"; };
		8A34E69419CB3A9000D19F3A /* StyleController.m */ = {isa = PBXFileReference; fileEncoding = 4; lastKnownFileType = sourcecode.c.objc; path = StyleController.m; sourceTree = "<group>"; };
		8A34E69619CB702600D19F3A /* WhatIOwe 2.xcdatamodel */ = {isa = PBXFileReference; lastKnownFileType = wrapper.xcdatamodel; path = "WhatIOwe 2.xcdatamodel"; sourceTree = "<group>"; };
		8A34E6A219CBD84D00D19F3A /* NSMutableArray+SWUtilityButtons.h */ = {isa = PBXFileReference; fileEncoding = 4; lastKnownFileType = sourcecode.c.h; path = "NSMutableArray+SWUtilityButtons.h"; sourceTree = "<group>"; };
		8A34E6A319CBD84D00D19F3A /* NSMutableArray+SWUtilityButtons.m */ = {isa = PBXFileReference; fileEncoding = 4; lastKnownFileType = sourcecode.c.objc; path = "NSMutableArray+SWUtilityButtons.m"; sourceTree = "<group>"; };
		8A34E6A419CBD84D00D19F3A /* SWCellScrollView.h */ = {isa = PBXFileReference; fileEncoding = 4; lastKnownFileType = sourcecode.c.h; path = SWCellScrollView.h; sourceTree = "<group>"; };
		8A34E6A519CBD84D00D19F3A /* SWCellScrollView.m */ = {isa = PBXFileReference; fileEncoding = 4; lastKnownFileType = sourcecode.c.objc; path = SWCellScrollView.m; sourceTree = "<group>"; };
		8A34E6A619CBD84D00D19F3A /* SWLongPressGestureRecognizer.h */ = {isa = PBXFileReference; fileEncoding = 4; lastKnownFileType = sourcecode.c.h; path = SWLongPressGestureRecognizer.h; sourceTree = "<group>"; };
		8A34E6A719CBD84D00D19F3A /* SWLongPressGestureRecognizer.m */ = {isa = PBXFileReference; fileEncoding = 4; lastKnownFileType = sourcecode.c.objc; path = SWLongPressGestureRecognizer.m; sourceTree = "<group>"; };
		8A34E6A819CBD84D00D19F3A /* SWTableViewCell.h */ = {isa = PBXFileReference; fileEncoding = 4; lastKnownFileType = sourcecode.c.h; path = SWTableViewCell.h; sourceTree = "<group>"; };
		8A34E6A919CBD84D00D19F3A /* SWTableViewCell.m */ = {isa = PBXFileReference; fileEncoding = 4; lastKnownFileType = sourcecode.c.objc; path = SWTableViewCell.m; sourceTree = "<group>"; };
		8A34E6AA19CBD84D00D19F3A /* SWUtilityButtonTapGestureRecognizer.h */ = {isa = PBXFileReference; fileEncoding = 4; lastKnownFileType = sourcecode.c.h; path = SWUtilityButtonTapGestureRecognizer.h; sourceTree = "<group>"; };
		8A34E6AB19CBD84D00D19F3A /* SWUtilityButtonTapGestureRecognizer.m */ = {isa = PBXFileReference; fileEncoding = 4; lastKnownFileType = sourcecode.c.objc; path = SWUtilityButtonTapGestureRecognizer.m; sourceTree = "<group>"; };
		8A34E6AC19CBD84D00D19F3A /* SWUtilityButtonView.h */ = {isa = PBXFileReference; fileEncoding = 4; lastKnownFileType = sourcecode.c.h; path = SWUtilityButtonView.h; sourceTree = "<group>"; };
		8A34E6AD19CBD84D00D19F3A /* SWUtilityButtonView.m */ = {isa = PBXFileReference; fileEncoding = 4; lastKnownFileType = sourcecode.c.objc; path = SWUtilityButtonView.m; sourceTree = "<group>"; };
		8A34E6B419CBD8DB00D19F3A /* check@2x.png */ = {isa = PBXFileReference; lastKnownFileType = image.png; path = "check@2x.png"; sourceTree = "<group>"; };
		8A34E6B519CBD8DB00D19F3A /* clock@2x.png */ = {isa = PBXFileReference; lastKnownFileType = image.png; path = "clock@2x.png"; sourceTree = "<group>"; };
		8A34E6B619CBD8DB00D19F3A /* cross@2x.png */ = {isa = PBXFileReference; lastKnownFileType = image.png; path = "cross@2x.png"; sourceTree = "<group>"; };
		8A34E6B719CBD8DB00D19F3A /* list@2x.png */ = {isa = PBXFileReference; lastKnownFileType = image.png; path = "list@2x.png"; sourceTree = "<group>"; };
		8A3A80E9190D80C6003DDB0F /* Neou-Bold.ttf */ = {isa = PBXFileReference; lastKnownFileType = file; path = "Neou-Bold.ttf"; sourceTree = "<group>"; };
		8A3A80EB190D852C003DDB0F /* Neou-Thin.ttf */ = {isa = PBXFileReference; lastKnownFileType = file; path = "Neou-Thin.ttf"; sourceTree = "<group>"; };
		8A3F330119DE2A300075ECC2 /* IBActionSheet.h */ = {isa = PBXFileReference; fileEncoding = 4; lastKnownFileType = sourcecode.c.h; path = IBActionSheet.h; sourceTree = "<group>"; };
		8A3F330219DE2A300075ECC2 /* IBActionSheet.m */ = {isa = PBXFileReference; fileEncoding = 4; lastKnownFileType = sourcecode.c.objc; path = IBActionSheet.m; sourceTree = "<group>"; };
		8A3F330519DE4B810075ECC2 /* WhatIOwe 4.xcdatamodel */ = {isa = PBXFileReference; lastKnownFileType = wrapper.xcdatamodel; path = "WhatIOwe 4.xcdatamodel"; sourceTree = "<group>"; };
		8A3F330819E3B3490075ECC2 /* Contents.json */ = {isa = PBXFileReference; fileEncoding = 4; lastKnownFileType = text.json; path = Contents.json; sourceTree = "<group>"; };
		8A3F330919E3B3490075ECC2 /* Icon-40.png */ = {isa = PBXFileReference; lastKnownFileType = image.png; path = "Icon-40.png"; sourceTree = "<group>"; };
		8A3F330A19E3B3490075ECC2 /* Icon-40@2x.png */ = {isa = PBXFileReference; lastKnownFileType = image.png; path = "Icon-40@2x.png"; sourceTree = "<group>"; };
		8A3F330B19E3B3490075ECC2 /* Icon-40@3x.png */ = {isa = PBXFileReference; lastKnownFileType = image.png; path = "Icon-40@3x.png"; sourceTree = "<group>"; };
		8A3F330C19E3B3490075ECC2 /* Icon-60@2x.png */ = {isa = PBXFileReference; lastKnownFileType = image.png; path = "Icon-60@2x.png"; sourceTree = "<group>"; };
		8A3F330D19E3B3490075ECC2 /* Icon-60@3x.png */ = {isa = PBXFileReference; lastKnownFileType = image.png; path = "Icon-60@3x.png"; sourceTree = "<group>"; };
		8A3F330E19E3B3490075ECC2 /* Icon-76.png */ = {isa = PBXFileReference; lastKnownFileType = image.png; path = "Icon-76.png"; sourceTree = "<group>"; };
		8A3F330F19E3B3490075ECC2 /* Icon-76@2x.png */ = {isa = PBXFileReference; lastKnownFileType = image.png; path = "Icon-76@2x.png"; sourceTree = "<group>"; };
		8A3F331019E3B3490075ECC2 /* Icon-Small.png */ = {isa = PBXFileReference; lastKnownFileType = image.png; path = "Icon-Small.png"; sourceTree = "<group>"; };
		8A3F331119E3B3490075ECC2 /* Icon-Small@2x.png */ = {isa = PBXFileReference; lastKnownFileType = image.png; path = "Icon-Small@2x.png"; sourceTree = "<group>"; };
		8A3F331219E3B3490075ECC2 /* Icon-Small@3x.png */ = {isa = PBXFileReference; lastKnownFileType = image.png; path = "Icon-Small@3x.png"; sourceTree = "<group>"; };
		8A4D430618F4B217001E7D76 /* Dateless.png */ = {isa = PBXFileReference; lastKnownFileType = image.png; path = Dateless.png; sourceTree = "<group>"; };
		8A4D430E18F5A826001E7D76 /* DeleteButton.png */ = {isa = PBXFileReference; lastKnownFileType = image.png; path = DeleteButton.png; sourceTree = "<group>"; };
		8A4D431618F5B0E0001E7D76 /* EditTableViewCell.h */ = {isa = PBXFileReference; fileEncoding = 4; lastKnownFileType = sourcecode.c.h; path = EditTableViewCell.h; sourceTree = "<group>"; };
		8A4D431718F5B0E0001E7D76 /* EditTableViewCell.m */ = {isa = PBXFileReference; fileEncoding = 4; lastKnownFileType = sourcecode.c.objc; path = EditTableViewCell.m; sourceTree = "<group>"; };
		8A4D432518F5C0BC001E7D76 /* Left.png */ = {isa = PBXFileReference; lastKnownFileType = image.png; path = Left.png; sourceTree = "<group>"; };
		8A4D432618F5C0BC001E7D76 /* Right.png */ = {isa = PBXFileReference; lastKnownFileType = image.png; path = Right.png; sourceTree = "<group>"; };
		8A6EAAFC19C8DF90004CCFFA /* settings18.png */ = {isa = PBXFileReference; lastKnownFileType = image.png; path = settings18.png; sourceTree = "<group>"; };
		8A6EAAFE19C8DFF1004CCFFA /* gear.png */ = {isa = PBXFileReference; lastKnownFileType = image.png; path = gear.png; sourceTree = "<group>"; };
		8A6EAB0019C8E035004CCFFA /* three115.png */ = {isa = PBXFileReference; lastKnownFileType = image.png; path = three115.png; sourceTree = "<group>"; };
		8A6EAB0219C8E0EE004CCFFA /* SettingsViewController.h */ = {isa = PBXFileReference; fileEncoding = 4; lastKnownFileType = sourcecode.c.h; path = SettingsViewController.h; sourceTree = "<group>"; };
		8A6EAB0319C8E0EE004CCFFA /* SettingsViewController.m */ = {isa = PBXFileReference; fileEncoding = 4; lastKnownFileType = sourcecode.c.objc; path = SettingsViewController.m; sourceTree = "<group>"; };
		8A7A7EEC19D7482500F0F651 /* EditViewController.h */ = {isa = PBXFileReference; fileEncoding = 4; lastKnownFileType = sourcecode.c.h; path = EditViewController.h; sourceTree = "<group>"; };
		8A7A7EED19D7482500F0F651 /* EditViewController.m */ = {isa = PBXFileReference; fileEncoding = 4; lastKnownFileType = sourcecode.c.objc; path = EditViewController.m; sourceTree = "<group>"; };
		8A7A7F2A19DAF69600F0F651 /* background.jpg */ = {isa = PBXFileReference; lastKnownFileType = image.jpeg; path = background.jpg; sourceTree = "<group>"; };
		8A7A7F2E19DAFD5C00F0F651 /* plus.png */ = {isa = PBXFileReference; lastKnownFileType = image.png; path = plus.png; sourceTree = "<group>"; };
		8A95573218EF614400469480 /* PayUp.app */ = {isa = PBXFileReference; explicitFileType = wrapper.application; includeInIndex = 0; path = PayUp.app; sourceTree = BUILT_PRODUCTS_DIR; };
		8A95573518EF614400469480 /* Foundation.framework */ = {isa = PBXFileReference; lastKnownFileType = wrapper.framework; name = Foundation.framework; path = System/Library/Frameworks/Foundation.framework; sourceTree = SDKROOT; };
		8A95573718EF614400469480 /* CoreGraphics.framework */ = {isa = PBXFileReference; lastKnownFileType = wrapper.framework; name = CoreGraphics.framework; path = System/Library/Frameworks/CoreGraphics.framework; sourceTree = SDKROOT; };
		8A95573918EF614400469480 /* UIKit.framework */ = {isa = PBXFileReference; lastKnownFileType = wrapper.framework; name = UIKit.framework; path = System/Library/Frameworks/UIKit.framework; sourceTree = SDKROOT; };
		8A95573B18EF614400469480 /* CoreData.framework */ = {isa = PBXFileReference; lastKnownFileType = wrapper.framework; name = CoreData.framework; path = System/Library/Frameworks/CoreData.framework; sourceTree = SDKROOT; };
		8A95574118EF614400469480 /* en */ = {isa = PBXFileReference; lastKnownFileType = text.plist.strings; name = en; path = en.lproj/InfoPlist.strings; sourceTree = "<group>"; };
		8A95574318EF614400469480 /* main.m */ = {isa = PBXFileReference; lastKnownFileType = sourcecode.c.objc; path = main.m; sourceTree = "<group>"; };
		8A95574618EF614400469480 /* AppDelegate.h */ = {isa = PBXFileReference; lastKnownFileType = sourcecode.c.h; path = AppDelegate.h; sourceTree = "<group>"; };
		8A95574718EF614400469480 /* AppDelegate.m */ = {isa = PBXFileReference; lastKnownFileType = sourcecode.c.objc; path = AppDelegate.m; sourceTree = "<group>"; };
		8A95574A18EF614400469480 /* Base */ = {isa = PBXFileReference; lastKnownFileType = file.storyboard; name = Base; path = Base.lproj/Main_iPhone.storyboard; sourceTree = "<group>"; };
		8A95574D18EF614400469480 /* Base */ = {isa = PBXFileReference; lastKnownFileType = file.storyboard; name = Base; path = Base.lproj/Main_iPad.storyboard; sourceTree = "<group>"; };
		8A95575018EF614400469480 /* WhatIOwe.xcdatamodel */ = {isa = PBXFileReference; lastKnownFileType = wrapper.xcdatamodel; path = WhatIOwe.xcdatamodel; sourceTree = "<group>"; };
		8A95575818EF614400469480 /* Images.xcassets */ = {isa = PBXFileReference; lastKnownFileType = folder.assetcatalog; path = Images.xcassets; sourceTree = "<group>"; };
		8A95575E18EF614400469480 /* PayUpTests.xctest */ = {isa = PBXFileReference; explicitFileType = wrapper.cfbundle; includeInIndex = 0; path = PayUpTests.xctest; sourceTree = BUILT_PRODUCTS_DIR; };
		8A95575F18EF614400469480 /* XCTest.framework */ = {isa = PBXFileReference; lastKnownFileType = wrapper.framework; name = XCTest.framework; path = Library/Frameworks/XCTest.framework; sourceTree = DEVELOPER_DIR; };
		8A95576818EF614400469480 /* PayUpTests-Info.plist */ = {isa = PBXFileReference; lastKnownFileType = text.plist.xml; path = "PayUpTests-Info.plist"; sourceTree = "<group>"; };
		8A95576A18EF614400469480 /* en */ = {isa = PBXFileReference; lastKnownFileType = text.plist.strings; name = en; path = en.lproj/InfoPlist.strings; sourceTree = "<group>"; };
		8A95576C18EF614400469480 /* WhatIOweTests.m */ = {isa = PBXFileReference; lastKnownFileType = sourcecode.c.objc; path = WhatIOweTests.m; sourceTree = "<group>"; };
		8A95577F18EF66AA00469480 /* MasterViewController.h */ = {isa = PBXFileReference; fileEncoding = 4; lastKnownFileType = sourcecode.c.h; name = MasterViewController.h; path = ../MasterViewController.h; sourceTree = "<group>"; };
		8A95578018EF66AA00469480 /* MasterViewController.m */ = {isa = PBXFileReference; fileEncoding = 4; lastKnownFileType = sourcecode.c.objc; name = MasterViewController.m; path = ../MasterViewController.m; sourceTree = "<group>"; };
		8A95578518EF682600469480 /* OweDetails.h */ = {isa = PBXFileReference; fileEncoding = 4; lastKnownFileType = sourcecode.c.h; path = OweDetails.h; sourceTree = "<group>"; };
		8A95578618EF682600469480 /* OweDetails.m */ = {isa = PBXFileReference; fileEncoding = 4; lastKnownFileType = sourcecode.c.objc; path = OweDetails.m; sourceTree = "<group>"; };
		8A95578818EF684700469480 /* OweInfo.h */ = {isa = PBXFileReference; fileEncoding = 4; lastKnownFileType = sourcecode.c.h; path = OweInfo.h; sourceTree = "<group>"; };
		8A95578918EF684700469480 /* OweInfo.m */ = {isa = PBXFileReference; fileEncoding = 4; lastKnownFileType = sourcecode.c.objc; path = OweInfo.m; sourceTree = "<group>"; };
		8A95578B18EF7F8600469480 /* InputViewController.h */ = {isa = PBXFileReference; fileEncoding = 4; lastKnownFileType = sourcecode.c.h; path = InputViewController.h; sourceTree = "<group>"; };
		8A95578C18EF7F8600469480 /* InputViewController.m */ = {isa = PBXFileReference; fileEncoding = 4; lastKnownFileType = sourcecode.c.objc; path = InputViewController.m; sourceTree = "<group>"; };
		8A95579118EFB2F900469480 /* DetailViewController.h */ = {isa = PBXFileReference; fileEncoding = 4; lastKnownFileType = sourcecode.c.h; path = DetailViewController.h; sourceTree = "<group>"; };
		8A95579218EFB2F900469480 /* DetailViewController.m */ = {isa = PBXFileReference; fileEncoding = 4; lastKnownFileType = sourcecode.c.objc; path = DetailViewController.m; sourceTree = "<group>"; };
		8AACC50519E76AF3005397F4 /* DismissSegue.h */ = {isa = PBXFileReference; fileEncoding = 4; lastKnownFileType = sourcecode.c.h; path = DismissSegue.h; sourceTree = "<group>"; };
		8AACC50619E76AF3005397F4 /* DismissSegue.m */ = {isa = PBXFileReference; fileEncoding = 4; lastKnownFileType = sourcecode.c.objc; path = DismissSegue.m; sourceTree = "<group>"; };
		8ABB4E2A1AB1ECCC00214333 /* PayUp-Today.entitlements */ = {isa = PBXFileReference; lastKnownFileType = text.xml; path = "PayUp-Today.entitlements"; sourceTree = "<group>"; };
		8ABB4E421AB2731900214333 /* TodayTableViewCell.h */ = {isa = PBXFileReference; fileEncoding = 4; lastKnownFileType = sourcecode.c.h; name = TodayTableViewCell.h; path = ../WhatIOwe/TodayTableViewCell.h; sourceTree = "<group>"; };
		8ABB4E431AB2731900214333 /* TodayTableViewCell.m */ = {isa = PBXFileReference; fileEncoding = 4; lastKnownFileType = sourcecode.c.objc; name = TodayTableViewCell.m; path = ../WhatIOwe/TodayTableViewCell.m; sourceTree = "<group>"; };
		8ABB4E471AB2966500214333 /* TodayViewCell.xib */ = {isa = PBXFileReference; fileEncoding = 4; lastKnownFileType = file.xib; path = TodayViewCell.xib; sourceTree = "<group>"; };
		8ABB4E4A1AB299FA00214333 /* user_white.png */ = {isa = PBXFileReference; lastKnownFileType = image.png; path = user_white.png; sourceTree = "<group>"; };
		8ABFAF8118F47F2000D503C4 /* 1397001691_alarm_clock.png */ = {isa = PBXFileReference; lastKnownFileType = image.png; path = 1397001691_alarm_clock.png; sourceTree = "<group>"; };
		8AC1622319207661004DC078 /* Security.framework */ = {isa = PBXFileReference; lastKnownFileType = wrapper.framework; name = Security.framework; path = System/Library/Frameworks/Security.framework; sourceTree = SDKROOT; };
		8AC1622519207668004DC078 /* libz.1.2.5.dylib */ = {isa = PBXFileReference; lastKnownFileType = "compiled.mach-o.dylib"; name = libz.1.2.5.dylib; path = usr/lib/libz.1.2.5.dylib; sourceTree = SDKROOT; };
		8AC16227192076B7004DC078 /* libz.dylib */ = {isa = PBXFileReference; lastKnownFileType = "compiled.mach-o.dylib"; name = libz.dylib; path = usr/lib/libz.dylib; sourceTree = SDKROOT; };
		8AC1622919207714004DC078 /* libxml2.dylib */ = {isa = PBXFileReference; lastKnownFileType = "compiled.mach-o.dylib"; name = libxml2.dylib; path = usr/lib/libxml2.dylib; sourceTree = SDKROOT; };
		8AD068991AB1EB42000190B9 /* PayUp.appex */ = {isa = PBXFileReference; explicitFileType = "wrapper.app-extension"; includeInIndex = 0; path = PayUp.appex; sourceTree = BUILT_PRODUCTS_DIR; };
		8AD0689D1AB1EB42000190B9 /* Info.plist */ = {isa = PBXFileReference; lastKnownFileType = text.plist.xml; path = Info.plist; sourceTree = "<group>"; };
		8AD0689E1AB1EB42000190B9 /* TodayViewController.h */ = {isa = PBXFileReference; lastKnownFileType = sourcecode.c.h; path = TodayViewController.h; sourceTree = "<group>"; };
		8AD0689F1AB1EB42000190B9 /* TodayViewController.m */ = {isa = PBXFileReference; lastKnownFileType = sourcecode.c.objc; path = TodayViewController.m; sourceTree = "<group>"; };
		8AD068A11AB1EB42000190B9 /* MainInterface.storyboard */ = {isa = PBXFileReference; lastKnownFileType = file.storyboard; path = MainInterface.storyboard; sourceTree = "<group>"; };
		8ADCE10418F5FA7900065785 /* PayUp-Info.plist */ = {isa = PBXFileReference; fileEncoding = 4; lastKnownFileType = text.plist.xml; path = "PayUp-Info.plist"; sourceTree = "<group>"; };
		8ADCE10618F5FA9D00065785 /* PayUp-Prefix.pch */ = {isa = PBXFileReference; fileEncoding = 4; lastKnownFileType = sourcecode.c.h; path = "PayUp-Prefix.pch"; sourceTree = "<group>"; };
		8AE2B63918F48D4A00D4E203 /* Bad.png */ = {isa = PBXFileReference; lastKnownFileType = image.png; path = Bad.png; sourceTree = "<group>"; };
		8AE2B63B18F48D4E00D4E203 /* Good.png */ = {isa = PBXFileReference; lastKnownFileType = image.png; path = Good.png; sourceTree = "<group>"; };
		8AE3309F19DB268A00F93648 /* WhatIOwe 3.xcdatamodel */ = {isa = PBXFileReference; lastKnownFileType = wrapper.xcdatamodel; path = "WhatIOwe 3.xcdatamodel"; sourceTree = "<group>"; };
		8AE330A019DB2CF000F93648 /* DatePickerViewController.h */ = {isa = PBXFileReference; fileEncoding = 4; lastKnownFileType = sourcecode.c.h; path = DatePickerViewController.h; sourceTree = "<group>"; };
		8AE330A119DB2CF000F93648 /* DatePickerViewController.m */ = {isa = PBXFileReference; fileEncoding = 4; lastKnownFileType = sourcecode.c.objc; path = DatePickerViewController.m; sourceTree = "<group>"; };
		8AE330CE19DC6DD800F93648 /* SelectionViewController.h */ = {isa = PBXFileReference; fileEncoding = 4; lastKnownFileType = sourcecode.c.h; path = SelectionViewController.h; sourceTree = "<group>"; };
		8AE330CF19DC6DD800F93648 /* SelectionViewController.m */ = {isa = PBXFileReference; fileEncoding = 4; lastKnownFileType = sourcecode.c.objc; path = SelectionViewController.m; sourceTree = "<group>"; };
		8AE330D219DC833000F93648 /* WYPopoverController.h */ = {isa = PBXFileReference; fileEncoding = 4; lastKnownFileType = sourcecode.c.h; path = WYPopoverController.h; sourceTree = "<group>"; };
		8AE330D319DC833000F93648 /* WYPopoverController.m */ = {isa = PBXFileReference; fileEncoding = 4; lastKnownFileType = sourcecode.c.objc; path = WYPopoverController.m; sourceTree = "<group>"; };
		8AE330D419DC833000F93648 /* WYStoryboardPopoverSegue.h */ = {isa = PBXFileReference; fileEncoding = 4; lastKnownFileType = sourcecode.c.h; path = WYStoryboardPopoverSegue.h; sourceTree = "<group>"; };
		8AE330D519DC833000F93648 /* WYStoryboardPopoverSegue.m */ = {isa = PBXFileReference; fileEncoding = 4; lastKnownFileType = sourcecode.c.objc; path = WYStoryboardPopoverSegue.m; sourceTree = "<group>"; };
		8AF6E2AB19F6D89000F6C4FE /* Launch Screen.xib */ = {isa = PBXFileReference; fileEncoding = 4; lastKnownFileType = file.xib; path = "Launch Screen.xib"; sourceTree = "<group>"; };
		8AFEDC6E19088978004D8FE8 /* MessageUI.framework */ = {isa = PBXFileReference; lastKnownFileType = wrapper.framework; name = MessageUI.framework; path = System/Library/Frameworks/MessageUI.framework; sourceTree = SDKROOT; };
/* End PBXFileReference section */

/* Begin PBXFrameworksBuildPhase section */
		8A95572F18EF614400469480 /* Frameworks */ = {
			isa = PBXFrameworksBuildPhase;
			buildActionMask = 2147483647;
			files = (
				8A22172919216D8100E0DDDB /* CoreTelephony.framework in Frameworks */,
				8A22172719216D7C00E0DDDB /* CoreLocation.framework in Frameworks */,
				8A22172519216D7600E0DDDB /* SystemConfiguration.framework in Frameworks */,
				8A22172319216D6F00E0DDDB /* QuartzCore.framework in Frameworks */,
				8A22172119216D6700E0DDDB /* GLKit.framework in Frameworks */,
				8A22171F19216D6200E0DDDB /* OpenGLES.framework in Frameworks */,
				8A22171D19216D5600E0DDDB /* AudioToolbox.framework in Frameworks */,
				8AC1622A19207714004DC078 /* libxml2.dylib in Frameworks */,
				8AC16228192076B7004DC078 /* libz.dylib in Frameworks */,
				8AC1622619207668004DC078 /* libz.1.2.5.dylib in Frameworks */,
				8AC1622419207661004DC078 /* Security.framework in Frameworks */,
				8A07D079191ED525002DE54E /* AVFoundation.framework in Frameworks */,
				8AFEDC6F19088978004D8FE8 /* MessageUI.framework in Frameworks */,
				8A95573818EF614400469480 /* CoreGraphics.framework in Frameworks */,
				8A95573C18EF614400469480 /* CoreData.framework in Frameworks */,
				8A95573A18EF614400469480 /* UIKit.framework in Frameworks */,
				8A95573618EF614400469480 /* Foundation.framework in Frameworks */,
				F398319583D741EBA9FEDA5B /* libPods.a in Frameworks */,
				8A22171B19216D4200E0DDDB /* Instabug.framework in Frameworks */,
			);
			runOnlyForDeploymentPostprocessing = 0;
		};
		8A95575B18EF614400469480 /* Frameworks */ = {
			isa = PBXFrameworksBuildPhase;
			buildActionMask = 2147483647;
			files = (
				8A95576018EF614400469480 /* XCTest.framework in Frameworks */,
				8A95576318EF614400469480 /* CoreData.framework in Frameworks */,
				8A95576218EF614400469480 /* UIKit.framework in Frameworks */,
				8A95576118EF614400469480 /* Foundation.framework in Frameworks */,
			);
			runOnlyForDeploymentPostprocessing = 0;
		};
		8AD068961AB1EB42000190B9 /* Frameworks */ = {
			isa = PBXFrameworksBuildPhase;
			buildActionMask = 2147483647;
			files = (
				8AD0689A1AB1EB42000190B9 /* NotificationCenter.framework in Frameworks */,
			);
			runOnlyForDeploymentPostprocessing = 0;
		};
/* End PBXFrameworksBuildPhase section */

/* Begin PBXGroup section */
		7C65ACC9AC3574EF196A28AC /* Pods */ = {
			isa = PBXGroup;
			children = (
				3B51BA624DBE3F73916DF38A /* Pods.debug.xcconfig */,
				146122C4007F8088BC023479 /* Pods.release.xcconfig */,
			);
			name = Pods;
			sourceTree = "<group>";
		};
		8A0F709018F1B92800D5732C /* Modal View Controllers */ = {
			isa = PBXGroup;
			children = (
				8A07D07A191ED609002DE54E /* tap-mellow.aif */,
				8A07D07E191ED6AD002DE54E /* slide-scissors.aif */,
			);
			name = "Modal View Controllers";
			sourceTree = "<group>";
		};
		8A0F709118F1B93300D5732C /* External Libraries */ = {
			isa = PBXGroup;
			children = (
				8A3F330619E348170075ECC2 /* SWTableViewCell */,
				8A3F330419DE2A340075ECC2 /* IBActionSheet */,
				8AE330D119DC833000F93648 /* WYPopoverControllerLibrary */,
				8AE330A019DB2CF000F93648 /* DatePickerViewController.h */,
				8AE330A119DB2CF000F93648 /* DatePickerViewController.m */,
				8A4D431618F5B0E0001E7D76 /* EditTableViewCell.h */,
				8A4D431718F5B0E0001E7D76 /* EditTableViewCell.m */,
				8A22171719216D4200E0DDDB /* Instabug */,
				8A34E6A119CBD84400D19F3A /* Cell */,
				8A0F707D18F0E98300D5732C /* PersistentStack.h */,
				8A0F707E18F0E98300D5732C /* PersistentStack.m */,
			);
			name = "External Libraries";
			sourceTree = "<group>";
		};
		8A0F70B918F2F3FD00D5732C /* Fonts */ = {
			isa = PBXGroup;
			children = (
				8A0F70BA18F2F40600D5732C /* ClearSans-Bold.ttf */,
				8A0F70BB18F2F40600D5732C /* ClearSans-BoldItalic.ttf */,
				8A0F70BC18F2F40600D5732C /* ClearSans-Italic.ttf */,
				8A0F70BD18F2F40600D5732C /* ClearSans-Light.ttf */,
				8A0F70BE18F2F40600D5732C /* ClearSans-Medium.ttf */,
				8A0F70BF18F2F40600D5732C /* ClearSans-MediumItalic.ttf */,
				8A0F70C018F2F40600D5732C /* ClearSans-Regular.ttf */,
				8A0F70C118F2F40600D5732C /* ClearSans-Thin.ttf */,
			);
			name = Fonts;
			sourceTree = "<group>";
		};
		8A0F70D218F3102300D5732C /* Images */ = {
			isa = PBXGroup;
			children = (
				8A4D430E18F5A826001E7D76 /* DeleteButton.png */,
				8AE2B63918F48D4A00D4E203 /* Bad.png */,
				8AE2B63B18F48D4E00D4E203 /* Good.png */,
				8A0B1E1319D1D84A00C92141 /* user.png */,
				8ABB4E4A1AB299FA00214333 /* user_white.png */,
				8A4D432518F5C0BC001E7D76 /* Left.png */,
				8A4D432618F5C0BC001E7D76 /* Right.png */,
				8A7A7F2E19DAFD5C00F0F651 /* plus.png */,
				8A0B1E1A19D1DF1000C92141 /* pencil.png */,
				8A7A7F2A19DAF69600F0F651 /* background.jpg */,
				8A0F70CA18F2FC6400D5732C /* Test2.png */,
				8A0F70CC18F2FF0400D5732C /* Red.png */,
				8A0F70B518F2554600D5732C /* +$.png */,
				8A0F709B18F1CDAC00D5732C /* Add.png */,
				8A0F70B318F2542C00D5732C /* TEst1.png */,
				8A0F709D18F1CDAF00D5732C /* Subtract.png */,
				8A0F70AF18F24E1600D5732C /* Green.png */,
				8A0F709518F1C94A00D5732C /* 11HLzyx.png */,
				8A0F70B718F2560200D5732C /* -$.png */,
			);
			name = Images;
			sourceTree = "<group>";
		};
		8A0F70D318F3104500D5732C /* Templates */ = {
			isa = PBXGroup;
			children = (
				8A95574F18EF614400469480 /* WhatIOwe.xcdatamodeld */,
				8A0F707C18F0E6D000D5732C /* OweIt.entitlements */,
				8A95578818EF684700469480 /* OweInfo.h */,
				8A95578918EF684700469480 /* OweInfo.m */,
				8A95578518EF682600469480 /* OweDetails.h */,
				8A95578618EF682600469480 /* OweDetails.m */,
			);
			name = Templates;
			sourceTree = "<group>";
		};
		8A22171719216D4200E0DDDB /* Instabug */ = {
			isa = PBXGroup;
			children = (
				8A22171819216D4200E0DDDB /* Instabug.bundle */,
				8A22171919216D4200E0DDDB /* Instabug.framework */,
			);
			path = Instabug;
			sourceTree = "<group>";
		};
		8A34E69719CBD1A700D19F3A /* View Controllers */ = {
			isa = PBXGroup;
			children = (
				8A7A7EEC19D7482500F0F651 /* EditViewController.h */,
				8A7A7EED19D7482500F0F651 /* EditViewController.m */,
				8A95577F18EF66AA00469480 /* MasterViewController.h */,
				8A95578018EF66AA00469480 /* MasterViewController.m */,
				8ABB4E471AB2966500214333 /* TodayViewCell.xib */,
				8AE330CE19DC6DD800F93648 /* SelectionViewController.h */,
				8AE330CF19DC6DD800F93648 /* SelectionViewController.m */,
				8A95579118EFB2F900469480 /* DetailViewController.h */,
				8A95579218EFB2F900469480 /* DetailViewController.m */,
				8A34E69319CB3A9000D19F3A /* StyleController.h */,
				8A34E69419CB3A9000D19F3A /* StyleController.m */,
				8A0F709F18F1D14D00D5732C /* FooterViewController.h */,
				8A0F70A018F1D14D00D5732C /* FooterViewController.m */,
				8A6EAB0219C8E0EE004CCFFA /* SettingsViewController.h */,
				8A6EAB0319C8E0EE004CCFFA /* SettingsViewController.m */,
				8A95578B18EF7F8600469480 /* InputViewController.h */,
				8A95578C18EF7F8600469480 /* InputViewController.m */,
			);
			name = "View Controllers";
			sourceTree = "<group>";
		};
		8A34E69819CBD1BD00D19F3A /* Resources */ = {
			isa = PBXGroup;
			children = (
				8A3A80EB190D852C003DDB0F /* Neou-Thin.ttf */,
				8A6EAAFC19C8DF90004CCFFA /* settings18.png */,
				8A6EAB0019C8E035004CCFFA /* three115.png */,
				8A4D430618F4B217001E7D76 /* Dateless.png */,
				8A3A80E9190D80C6003DDB0F /* Neou-Bold.ttf */,
				8A07D080191ED854002DE54E /* slide-paper.aif */,
				8A07D082191EFFBB002DE54E /* pop.aif */,
				8A6EAAFE19C8DFF1004CCFFA /* gear.png */,
				8A07D084191F00FF002DE54E /* slow.aif */,
			);
			name = Resources;
			sourceTree = "<group>";
		};
		8A34E69919CBD1ED00D19F3A /* Storyboards/XIBs */ = {
			isa = PBXGroup;
			children = (
				8AF6E2AB19F6D89000F6C4FE /* Launch Screen.xib */,
				8A95574918EF614400469480 /* Main_iPhone.storyboard */,
				8A0F70A118F1D14D00D5732C /* FooterViewController.xib */,
				8A95574C18EF614400469480 /* Main_iPad.storyboard */,
			);
			name = Storyboards/XIBs;
			sourceTree = "<group>";
		};
		8A34E6A119CBD84400D19F3A /* Cell */ = {
			isa = PBXGroup;
			children = (
				8A0F709318F1C6F100D5732C /* OweTableViewCell.m */,
				8A0F709218F1C6F100D5732C /* OweTableViewCell.h */,
				8A34E6B419CBD8DB00D19F3A /* check@2x.png */,
				8A34E6B519CBD8DB00D19F3A /* clock@2x.png */,
				8A34E6B619CBD8DB00D19F3A /* cross@2x.png */,
				8A34E6B719CBD8DB00D19F3A /* list@2x.png */,
				8A34E6A219CBD84D00D19F3A /* NSMutableArray+SWUtilityButtons.h */,
				8A34E6A319CBD84D00D19F3A /* NSMutableArray+SWUtilityButtons.m */,
				8A34E6A419CBD84D00D19F3A /* SWCellScrollView.h */,
				8A34E6A519CBD84D00D19F3A /* SWCellScrollView.m */,
				8A34E6A619CBD84D00D19F3A /* SWLongPressGestureRecognizer.h */,
				8A34E6A719CBD84D00D19F3A /* SWLongPressGestureRecognizer.m */,
				8A34E6A819CBD84D00D19F3A /* SWTableViewCell.h */,
				8A34E6A919CBD84D00D19F3A /* SWTableViewCell.m */,
				8A34E6AA19CBD84D00D19F3A /* SWUtilityButtonTapGestureRecognizer.h */,
				8A34E6AB19CBD84D00D19F3A /* SWUtilityButtonTapGestureRecognizer.m */,
				8A34E6AC19CBD84D00D19F3A /* SWUtilityButtonView.h */,
				8A34E6AD19CBD84D00D19F3A /* SWUtilityButtonView.m */,
			);
			name = Cell;
			sourceTree = "<group>";
		};
		8A3F330419DE2A340075ECC2 /* IBActionSheet */ = {
			isa = PBXGroup;
			children = (
				8A3F330119DE2A300075ECC2 /* IBActionSheet.h */,
				8A3F330219DE2A300075ECC2 /* IBActionSheet.m */,
			);
			name = IBActionSheet;
			sourceTree = "<group>";
		};
		8A3F330619E348170075ECC2 /* SWTableViewCell */ = {
			isa = PBXGroup;
			children = (
			);
			name = SWTableViewCell;
			sourceTree = "<group>";
		};
		8A3F330719E3B3490075ECC2 /* AppIcon.appiconset */ = {
			isa = PBXGroup;
			children = (
				8A3F330819E3B3490075ECC2 /* Contents.json */,
				8A3F330919E3B3490075ECC2 /* Icon-40.png */,
				8A3F330A19E3B3490075ECC2 /* Icon-40@2x.png */,
				8A3F330B19E3B3490075ECC2 /* Icon-40@3x.png */,
				8A3F330C19E3B3490075ECC2 /* Icon-60@2x.png */,
				8A3F330D19E3B3490075ECC2 /* Icon-60@3x.png */,
				8A3F330E19E3B3490075ECC2 /* Icon-76.png */,
				8A3F330F19E3B3490075ECC2 /* Icon-76@2x.png */,
				8A3F331019E3B3490075ECC2 /* Icon-Small.png */,
				8A3F331119E3B3490075ECC2 /* Icon-Small@2x.png */,
				8A3F331219E3B3490075ECC2 /* Icon-Small@3x.png */,
			);
			path = AppIcon.appiconset;
			sourceTree = "<group>";
		};
		8A95572918EF614400469480 = {
			isa = PBXGroup;
			children = (
				8AACC50519E76AF3005397F4 /* DismissSegue.h */,
				8AACC50619E76AF3005397F4 /* DismissSegue.m */,
				8A95573D18EF614400469480 /* OweIt */,
				8A95576618EF614400469480 /* OweIt */,
				8AD0689B1AB1EB42000190B9 /* PayUp-Today */,
				8A95573418EF614400469480 /* Frameworks */,
				8A95573318EF614400469480 /* Products */,
				7C65ACC9AC3574EF196A28AC /* Pods */,
			);
			sourceTree = "<group>";
		};
		8A95573318EF614400469480 /* Products */ = {
			isa = PBXGroup;
			children = (
				8A95573218EF614400469480 /* PayUp.app */,
				8A95575E18EF614400469480 /* PayUpTests.xctest */,
				8AD068991AB1EB42000190B9 /* PayUp.appex */,
			);
			name = Products;
			sourceTree = "<group>";
		};
		8A95573418EF614400469480 /* Frameworks */ = {
			isa = PBXGroup;
			children = (
				8A22172819216D8100E0DDDB /* CoreTelephony.framework */,
				8A22172619216D7C00E0DDDB /* CoreLocation.framework */,
				8A22172419216D7600E0DDDB /* SystemConfiguration.framework */,
				8A22172219216D6F00E0DDDB /* QuartzCore.framework */,
				8A22172019216D6700E0DDDB /* GLKit.framework */,
				8A22171E19216D6200E0DDDB /* OpenGLES.framework */,
				8A22171C19216D5600E0DDDB /* AudioToolbox.framework */,
				8AC1622919207714004DC078 /* libxml2.dylib */,
				8AC16227192076B7004DC078 /* libz.dylib */,
				8AC1622519207668004DC078 /* libz.1.2.5.dylib */,
				8AC1622319207661004DC078 /* Security.framework */,
				8A07D078191ED525002DE54E /* AVFoundation.framework */,
				8AFEDC6E19088978004D8FE8 /* MessageUI.framework */,
				8A95573518EF614400469480 /* Foundation.framework */,
				8A95573718EF614400469480 /* CoreGraphics.framework */,
				8A95573918EF614400469480 /* UIKit.framework */,
				8A95573B18EF614400469480 /* CoreData.framework */,
				8A95575F18EF614400469480 /* XCTest.framework */,
				021A7D97EAF74EE2839B1EAF /* libPods.a */,
				8A1761D519D060A5009A94C0 /* NotificationCenter.framework */,
			);
			name = Frameworks;
			sourceTree = "<group>";
		};
		8A95573D18EF614400469480 /* OweIt */ = {
			isa = PBXGroup;
			children = (
				8A3F330719E3B3490075ECC2 /* AppIcon.appiconset */,
				8A0F70D318F3104500D5732C /* Templates */,
				8A0F70D218F3102300D5732C /* Images */,
				8A0F709118F1B93300D5732C /* External Libraries */,
				8A0F709018F1B92800D5732C /* Modal View Controllers */,
				8A0F70B918F2F3FD00D5732C /* Fonts */,
				8A95574618EF614400469480 /* AppDelegate.h */,
				8A95574718EF614400469480 /* AppDelegate.m */,
				8A34E69719CBD1A700D19F3A /* View Controllers */,
				8A34E69819CBD1BD00D19F3A /* Resources */,
				8A34E69919CBD1ED00D19F3A /* Storyboards/XIBs */,
				8A95575818EF614400469480 /* Images.xcassets */,
				8A95573E18EF614400469480 /* Supporting Files */,
			);
			name = OweIt;
			path = WhatIOwe;
			sourceTree = "<group>";
		};
		8A95573E18EF614400469480 /* Supporting Files */ = {
			isa = PBXGroup;
			children = (
				8ABFAF8118F47F2000D503C4 /* 1397001691_alarm_clock.png */,
				8ADCE10418F5FA7900065785 /* PayUp-Info.plist */,
				8ADCE10618F5FA9D00065785 /* PayUp-Prefix.pch */,
				8A95574018EF614400469480 /* InfoPlist.strings */,
				8A95574318EF614400469480 /* main.m */,
			);
			name = "Supporting Files";
			sourceTree = "<group>";
		};
		8A95576618EF614400469480 /* OweIt */ = {
			isa = PBXGroup;
			children = (
				8A95576C18EF614400469480 /* WhatIOweTests.m */,
				8A95576718EF614400469480 /* Supporting Files */,
			);
			name = OweIt;
			path = WhatIOweTests;
			sourceTree = "<group>";
		};
		8A95576718EF614400469480 /* Supporting Files */ = {
			isa = PBXGroup;
			children = (
				8A95576818EF614400469480 /* PayUpTests-Info.plist */,
				8A95576918EF614400469480 /* InfoPlist.strings */,
			);
			name = "Supporting Files";
			sourceTree = "<group>";
		};
		8AD0689B1AB1EB42000190B9 /* PayUp-Today */ = {
			isa = PBXGroup;
			children = (
				8ABB4E421AB2731900214333 /* TodayTableViewCell.h */,
				8ABB4E431AB2731900214333 /* TodayTableViewCell.m */,
				8ABB4E2A1AB1ECCC00214333 /* PayUp-Today.entitlements */,
				8AD0689E1AB1EB42000190B9 /* TodayViewController.h */,
				8AD0689F1AB1EB42000190B9 /* TodayViewController.m */,
				8AD068A11AB1EB42000190B9 /* MainInterface.storyboard */,
				8AD0689C1AB1EB42000190B9 /* Supporting Files */,
			);
			path = "PayUp-Today";
			sourceTree = "<group>";
		};
		8AD0689C1AB1EB42000190B9 /* Supporting Files */ = {
			isa = PBXGroup;
			children = (
				8AD0689D1AB1EB42000190B9 /* Info.plist */,
			);
			name = "Supporting Files";
			sourceTree = "<group>";
		};
		8AE330D119DC833000F93648 /* WYPopoverControllerLibrary */ = {
			isa = PBXGroup;
			children = (
				8AE330D219DC833000F93648 /* WYPopoverController.h */,
				8AE330D319DC833000F93648 /* WYPopoverController.m */,
				8AE330D419DC833000F93648 /* WYStoryboardPopoverSegue.h */,
				8AE330D519DC833000F93648 /* WYStoryboardPopoverSegue.m */,
			);
			path = WYPopoverControllerLibrary;
			sourceTree = "<group>";
		};
/* End PBXGroup section */

/* Begin PBXNativeTarget section */
		8A95573118EF614400469480 /* PayUp */ = {
			isa = PBXNativeTarget;
			buildConfigurationList = 8A95577018EF614400469480 /* Build configuration list for PBXNativeTarget "PayUp" */;
			buildPhases = (
				2CE8F76154FD4914A4B36001 /* Check Pods Manifest.lock */,
				8A95572E18EF614400469480 /* Sources */,
				8A95572F18EF614400469480 /* Frameworks */,
				8A95573018EF614400469480 /* Resources */,
				9587C2079CFD4787861EF468 /* Copy Pods Resources */,
				8A1761E719D060A6009A94C0 /* Embed App Extensions */,
			);
			buildRules = (
			);
			dependencies = (
				8AD068A41AB1EB42000190B9 /* PBXTargetDependency */,
			);
			name = PayUp;
			productName = WhatIOwe;
			productReference = 8A95573218EF614400469480 /* PayUp.app */;
			productType = "com.apple.product-type.application";
		};
		8A95575D18EF614400469480 /* PayUpTests */ = {
			isa = PBXNativeTarget;
			buildConfigurationList = 8A95577318EF614400469480 /* Build configuration list for PBXNativeTarget "PayUpTests" */;
			buildPhases = (
				8A95575A18EF614400469480 /* Sources */,
				8A95575B18EF614400469480 /* Frameworks */,
				8A95575C18EF614400469480 /* Resources */,
			);
			buildRules = (
			);
			dependencies = (
				8A95576518EF614400469480 /* PBXTargetDependency */,
			);
			name = PayUpTests;
			productName = WhatIOweTests;
			productReference = 8A95575E18EF614400469480 /* PayUpTests.xctest */;
			productType = "com.apple.product-type.bundle.unit-test";
		};
		8AD068981AB1EB42000190B9 /* PayUp-Today */ = {
			isa = PBXNativeTarget;
			buildConfigurationList = 8AD068A81AB1EB43000190B9 /* Build configuration list for PBXNativeTarget "PayUp-Today" */;
			buildPhases = (
				8AD068951AB1EB42000190B9 /* Sources */,
				8AD068961AB1EB42000190B9 /* Frameworks */,
				8AD068971AB1EB42000190B9 /* Resources */,
			);
			buildRules = (
			);
			dependencies = (
			);
			name = "PayUp-Today";
			productName = "PayUp-Today";
			productReference = 8AD068991AB1EB42000190B9 /* PayUp.appex */;
			productType = "com.apple.product-type.app-extension";
		};
/* End PBXNativeTarget section */

/* Begin PBXProject section */
		8A95572A18EF614400469480 /* Project object */ = {
			isa = PBXProject;
			attributes = {
				LastUpgradeCheck = 0600;
				ORGANIZATIONNAME = Revision;
				TargetAttributes = {
					8A95573118EF614400469480 = {
						DevelopmentTeam = Z48RKT6B3T;
						SystemCapabilities = {
							com.apple.ApplicationGroups.iOS = {
								enabled = 1;
							};
							com.apple.OMC = {
								enabled = 1;
							};
							com.apple.iCloud = {
								enabled = 1;
							};
						};
					};
					8A95575D18EF614400469480 = {
						TestTargetID = 8A95573118EF614400469480;
					};
					8AD068981AB1EB42000190B9 = {
						CreatedOnToolsVersion = 6.1.1;
						DevelopmentTeam = Z48RKT6B3T;
						SystemCapabilities = {
							com.apple.ApplicationGroups.iOS = {
								enabled = 1;
							};
						};
					};
				};
			};
			buildConfigurationList = 8A95572D18EF614400469480 /* Build configuration list for PBXProject "PayUp" */;
			compatibilityVersion = "Xcode 3.2";
			developmentRegion = English;
			hasScannedForEncodings = 0;
			knownRegions = (
				en,
				Base,
			);
			mainGroup = 8A95572918EF614400469480;
			productRefGroup = 8A95573318EF614400469480 /* Products */;
			projectDirPath = "";
			projectRoot = "";
			targets = (
				8A95573118EF614400469480 /* PayUp */,
				8A95575D18EF614400469480 /* PayUpTests */,
				8AD068981AB1EB42000190B9 /* PayUp-Today */,
			);
		};
/* End PBXProject section */

/* Begin PBXResourcesBuildPhase section */
		8A95573018EF614400469480 /* Resources */ = {
			isa = PBXResourcesBuildPhase;
			buildActionMask = 2147483647;
			files = (
				8A3F331519E3B34A0075ECC2 /* Icon-40@2x.png in Resources */,
				8A4D430718F4B217001E7D76 /* Dateless.png in Resources */,
				8AE2B63C18F48D4E00D4E203 /* Good.png in Resources */,
				8A95574E18EF614400469480 /* Main_iPad.storyboard in Resources */,
				8A0F70B018F24E1600D5732C /* Green.png in Resources */,
				8A07D083191EFFBB002DE54E /* pop.aif in Resources */,
				8A95575918EF614400469480 /* Images.xcassets in Resources */,
				8AE2B63A18F48D4A00D4E203 /* Bad.png in Resources */,
				8A3F331D19E3B34A0075ECC2 /* Icon-Small@3x.png in Resources */,
				8A0F709C18F1CDAC00D5732C /* Add.png in Resources */,
				8A6EAAFF19C8DFF1004CCFFA /* gear.png in Resources */,
				8A0F70C518F2F40600D5732C /* ClearSans-Light.ttf in Resources */,
				8ABFAF8218F47F2000D503C4 /* 1397001691_alarm_clock.png in Resources */,
				8A95574B18EF614400469480 /* Main_iPhone.storyboard in Resources */,
				8A34E6BB19CBD8DB00D19F3A /* list@2x.png in Resources */,
				8A0F70CB18F2FC6400D5732C /* Test2.png in Resources */,
				8A6EAAFD19C8DF90004CCFFA /* settings18.png in Resources */,
				8A34E6B919CBD8DB00D19F3A /* clock@2x.png in Resources */,
				8A3F331919E3B34A0075ECC2 /* Icon-76.png in Resources */,
				8A0F70C618F2F40600D5732C /* ClearSans-Medium.ttf in Resources */,
				8A3A80EA190D80C6003DDB0F /* Neou-Bold.ttf in Resources */,
				8A7A7F2F19DAFD5C00F0F651 /* plus.png in Resources */,
				8A4D432718F5C0BC001E7D76 /* Left.png in Resources */,
				8A0B1E1B19D1DF1000C92141 /* pencil.png in Resources */,
				8A3F331C19E3B34A0075ECC2 /* Icon-Small@2x.png in Resources */,
				8A0F70C718F2F40600D5732C /* ClearSans-MediumItalic.ttf in Resources */,
				8A0F70C918F2F40600D5732C /* ClearSans-Thin.ttf in Resources */,
				8A3F331819E3B34A0075ECC2 /* Icon-60@3x.png in Resources */,
				8A0F70C818F2F40600D5732C /* ClearSans-Regular.ttf in Resources */,
				8AF6E2AC19F6D89000F6C4FE /* Launch Screen.xib in Resources */,
				8A3F331719E3B34A0075ECC2 /* Icon-60@2x.png in Resources */,
				8A3F331419E3B34A0075ECC2 /* Icon-40.png in Resources */,
				8A3F331B19E3B34A0075ECC2 /* Icon-Small.png in Resources */,
				8A0F70B418F2542C00D5732C /* TEst1.png in Resources */,
				8A07D07B191ED609002DE54E /* tap-mellow.aif in Resources */,
				8ABB4E481AB2966500214333 /* TodayViewCell.xib in Resources */,
				8A4D432818F5C0BC001E7D76 /* Right.png in Resources */,
				8A3F331319E3B3490075ECC2 /* Contents.json in Resources */,
				8A0B1E1419D1D84A00C92141 /* user.png in Resources */,
				8A4D430F18F5A826001E7D76 /* DeleteButton.png in Resources */,
				8A7A7F2B19DAF69600F0F651 /* background.jpg in Resources */,
				8A07D085191F00FF002DE54E /* slow.aif in Resources */,
				8A34E6BA19CBD8DB00D19F3A /* cross@2x.png in Resources */,
				8A0F70C418F2F40600D5732C /* ClearSans-Italic.ttf in Resources */,
				8A07D07F191ED6AD002DE54E /* slide-scissors.aif in Resources */,
				8A0F70C218F2F40600D5732C /* ClearSans-Bold.ttf in Resources */,
				8A0F70B618F2554600D5732C /* +$.png in Resources */,
				8A95574218EF614400469480 /* InfoPlist.strings in Resources */,
				8ABB4E4B1AB299FA00214333 /* user_white.png in Resources */,
				8A07D081191ED854002DE54E /* slide-paper.aif in Resources */,
				8A0F70B818F2560200D5732C /* -$.png in Resources */,
				8A3F331619E3B34A0075ECC2 /* Icon-40@3x.png in Resources */,
				8A3F331A19E3B34A0075ECC2 /* Icon-76@2x.png in Resources */,
				8A6EAB0119C8E035004CCFFA /* three115.png in Resources */,
				8A0F70C318F2F40600D5732C /* ClearSans-BoldItalic.ttf in Resources */,
				8A22171A19216D4200E0DDDB /* Instabug.bundle in Resources */,
				8A0F709618F1C94A00D5732C /* 11HLzyx.png in Resources */,
				8A34E6B819CBD8DB00D19F3A /* check@2x.png in Resources */,
				8A3A80EC190D852C003DDB0F /* Neou-Thin.ttf in Resources */,
				8A0F70CD18F2FF0400D5732C /* Red.png in Resources */,
				8A0F70A318F1D14D00D5732C /* FooterViewController.xib in Resources */,
				8A0F709E18F1CDAF00D5732C /* Subtract.png in Resources */,
			);
			runOnlyForDeploymentPostprocessing = 0;
		};
		8A95575C18EF614400469480 /* Resources */ = {
			isa = PBXResourcesBuildPhase;
			buildActionMask = 2147483647;
			files = (
				8A95576B18EF614400469480 /* InfoPlist.strings in Resources */,
			);
			runOnlyForDeploymentPostprocessing = 0;
		};
		8AD068971AB1EB42000190B9 /* Resources */ = {
			isa = PBXResourcesBuildPhase;
			buildActionMask = 2147483647;
			files = (
				8ABB4E4C1AB299FA00214333 /* user_white.png in Resources */,
				8ABB4E391AB23DD600214333 /* Images.xcassets in Resources */,
				8AD068A21AB1EB42000190B9 /* MainInterface.storyboard in Resources */,
				8ABB4E491AB2966500214333 /* TodayViewCell.xib in Resources */,
			);
			runOnlyForDeploymentPostprocessing = 0;
		};
/* End PBXResourcesBuildPhase section */

/* Begin PBXShellScriptBuildPhase section */
		2CE8F76154FD4914A4B36001 /* Check Pods Manifest.lock */ = {
			isa = PBXShellScriptBuildPhase;
			buildActionMask = 2147483647;
			files = (
			);
			inputPaths = (
			);
			name = "Check Pods Manifest.lock";
			outputPaths = (
			);
			runOnlyForDeploymentPostprocessing = 0;
			shellPath = /bin/sh;
			shellScript = "diff \"${PODS_ROOT}/../Podfile.lock\" \"${PODS_ROOT}/Manifest.lock\" > /dev/null\nif [[ $? != 0 ]] ; then\n    cat << EOM\nerror: The sandbox is not in sync with the Podfile.lock. Run 'pod install' or update your CocoaPods installation.\nEOM\n    exit 1\nfi\n";
			showEnvVarsInLog = 0;
		};
		9587C2079CFD4787861EF468 /* Copy Pods Resources */ = {
			isa = PBXShellScriptBuildPhase;
			buildActionMask = 2147483647;
			files = (
			);
			inputPaths = (
			);
			name = "Copy Pods Resources";
			outputPaths = (
			);
			runOnlyForDeploymentPostprocessing = 0;
			shellPath = /bin/sh;
			shellScript = "\"${SRCROOT}/Pods/Target Support Files/Pods/Pods-resources.sh\"\n";
			showEnvVarsInLog = 0;
		};
/* End PBXShellScriptBuildPhase section */

/* Begin PBXSourcesBuildPhase section */
		8A95572E18EF614400469480 /* Sources */ = {
			isa = PBXSourcesBuildPhase;
			buildActionMask = 2147483647;
			files = (
				8ABB4E2E1AB228D200214333 /* TodayViewController.m in Sources */,
				8AE330D719DC833100F93648 /* WYStoryboardPopoverSegue.m in Sources */,
				8A34E6B219CBD84D00D19F3A /* SWUtilityButtonTapGestureRecognizer.m in Sources */,
				8A95578D18EF7F8600469480 /* InputViewController.m in Sources */,
				8A95578718EF682600469480 /* OweDetails.m in Sources */,
				8A95579318EFB2F900469480 /* DetailViewController.m in Sources */,
				8A4D431818F5B0E0001E7D76 /* EditTableViewCell.m in Sources */,
				8A95574818EF614400469480 /* AppDelegate.m in Sources */,
				8A3F330319DE2A300075ECC2 /* IBActionSheet.m in Sources */,
				8A0F709418F1C6F100D5732C /* OweTableViewCell.m in Sources */,
				8A34E6B019CBD84D00D19F3A /* SWLongPressGestureRecognizer.m in Sources */,
				8AE330D019DC6DD800F93648 /* SelectionViewController.m in Sources */,
				8A34E6B119CBD84D00D19F3A /* SWTableViewCell.m in Sources */,
				8A95574418EF614400469480 /* main.m in Sources */,
				8A6EAB0419C8E0EE004CCFFA /* SettingsViewController.m in Sources */,
				8AACC50719E76AF3005397F4 /* DismissSegue.m in Sources */,
				8A34E6B319CBD84D00D19F3A /* SWUtilityButtonView.m in Sources */,
				8A95578118EF66AA00469480 /* MasterViewController.m in Sources */,
				8A34E6AE19CBD84D00D19F3A /* NSMutableArray+SWUtilityButtons.m in Sources */,
				8A95575118EF614400469480 /* WhatIOwe.xcdatamodeld in Sources */,
				8AE330A219DB2CF000F93648 /* DatePickerViewController.m in Sources */,
				8A0F70A218F1D14D00D5732C /* FooterViewController.m in Sources */,
				8A95578A18EF684700469480 /* OweInfo.m in Sources */,
				8A0F707F18F0E98300D5732C /* PersistentStack.m in Sources */,
				8A7A7EEE19D7482500F0F651 /* EditViewController.m in Sources */,
				8A34E6AF19CBD84D00D19F3A /* SWCellScrollView.m in Sources */,
				8AE330D619DC833100F93648 /* WYPopoverController.m in Sources */,
				8ABB4E461AB27A8800214333 /* TodayTableViewCell.m in Sources */,
				8A34E69519CB3A9000D19F3A /* StyleController.m in Sources */,
			);
			runOnlyForDeploymentPostprocessing = 0;
		};
		8A95575A18EF614400469480 /* Sources */ = {
			isa = PBXSourcesBuildPhase;
			buildActionMask = 2147483647;
			files = (
				8A95576D18EF614400469480 /* WhatIOweTests.m in Sources */,
			);
			runOnlyForDeploymentPostprocessing = 0;
		};
		8AD068951AB1EB42000190B9 /* Sources */ = {
			isa = PBXSourcesBuildPhase;
			buildActionMask = 2147483647;
			files = (
				8ABB4E341AB2322600214333 /* OweInfo.m in Sources */,
				8ABB4E451AB2731900214333 /* TodayTableViewCell.m in Sources */,
				8ABB4E361AB2322600214333 /* OweDetails.m in Sources */,
				8ABB4E2D1AB2273F00214333 /* PersistentStack.m in Sources */,
				8AD068A01AB1EB42000190B9 /* TodayViewController.m in Sources */,
				8ABB4E2B1AB1F3C600214333 /* WhatIOwe.xcdatamodeld in Sources */,
			);
			runOnlyForDeploymentPostprocessing = 0;
		};
/* End PBXSourcesBuildPhase section */

/* Begin PBXTargetDependency section */
		8A95576518EF614400469480 /* PBXTargetDependency */ = {
			isa = PBXTargetDependency;
			target = 8A95573118EF614400469480 /* PayUp */;
			targetProxy = 8A95576418EF614400469480 /* PBXContainerItemProxy */;
		};
		8AD068A41AB1EB42000190B9 /* PBXTargetDependency */ = {
			isa = PBXTargetDependency;
			target = 8AD068981AB1EB42000190B9 /* PayUp-Today */;
			targetProxy = 8AD068A31AB1EB42000190B9 /* PBXContainerItemProxy */;
		};
/* End PBXTargetDependency section */

/* Begin PBXVariantGroup section */
		8A95574018EF614400469480 /* InfoPlist.strings */ = {
			isa = PBXVariantGroup;
			children = (
				8A95574118EF614400469480 /* en */,
			);
			name = InfoPlist.strings;
			sourceTree = "<group>";
		};
		8A95574918EF614400469480 /* Main_iPhone.storyboard */ = {
			isa = PBXVariantGroup;
			children = (
				8A95574A18EF614400469480 /* Base */,
			);
			name = Main_iPhone.storyboard;
			sourceTree = "<group>";
		};
		8A95574C18EF614400469480 /* Main_iPad.storyboard */ = {
			isa = PBXVariantGroup;
			children = (
				8A95574D18EF614400469480 /* Base */,
			);
			name = Main_iPad.storyboard;
			sourceTree = "<group>";
		};
		8A95576918EF614400469480 /* InfoPlist.strings */ = {
			isa = PBXVariantGroup;
			children = (
				8A95576A18EF614400469480 /* en */,
			);
			name = InfoPlist.strings;
			sourceTree = "<group>";
		};
/* End PBXVariantGroup section */

/* Begin XCBuildConfiguration section */
		8A95576E18EF614400469480 /* Debug */ = {
			isa = XCBuildConfiguration;
			buildSettings = {
				ALWAYS_SEARCH_USER_PATHS = NO;
				CLANG_CXX_LANGUAGE_STANDARD = "gnu++0x";
				CLANG_CXX_LIBRARY = "libc++";
				CLANG_ENABLE_MODULES = YES;
				CLANG_ENABLE_OBJC_ARC = YES;
				CLANG_WARN_BOOL_CONVERSION = YES;
				CLANG_WARN_CONSTANT_CONVERSION = YES;
				CLANG_WARN_DIRECT_OBJC_ISA_USAGE = YES_ERROR;
				CLANG_WARN_EMPTY_BODY = YES;
				CLANG_WARN_ENUM_CONVERSION = YES;
				CLANG_WARN_INT_CONVERSION = YES;
				CLANG_WARN_OBJC_ROOT_CLASS = YES_ERROR;
				CLANG_WARN__DUPLICATE_METHOD_MATCH = YES;
				"CODE_SIGN_IDENTITY[sdk=iphoneos*]" = "iPhone Developer";
				COPY_PHASE_STRIP = NO;
				GCC_C_LANGUAGE_STANDARD = gnu99;
				GCC_DYNAMIC_NO_PIC = NO;
				GCC_OPTIMIZATION_LEVEL = 0;
				GCC_PREPROCESSOR_DEFINITIONS = (
					"DEBUG=1",
					"$(inherited)",
				);
				GCC_SYMBOLS_PRIVATE_EXTERN = NO;
				GCC_WARN_64_TO_32_BIT_CONVERSION = YES;
				GCC_WARN_ABOUT_RETURN_TYPE = YES_ERROR;
				GCC_WARN_UNDECLARED_SELECTOR = YES;
				GCC_WARN_UNINITIALIZED_AUTOS = YES_AGGRESSIVE;
				GCC_WARN_UNUSED_FUNCTION = YES;
				GCC_WARN_UNUSED_VARIABLE = YES;
				IPHONEOS_DEPLOYMENT_TARGET = 8.0;
				ONLY_ACTIVE_ARCH = YES;
				SDKROOT = iphoneos;
				TARGETED_DEVICE_FAMILY = "1,2";
			};
			name = Debug;
		};
		8A95576F18EF614400469480 /* Release */ = {
			isa = XCBuildConfiguration;
			buildSettings = {
				ALWAYS_SEARCH_USER_PATHS = NO;
				CLANG_CXX_LANGUAGE_STANDARD = "gnu++0x";
				CLANG_CXX_LIBRARY = "libc++";
				CLANG_ENABLE_MODULES = YES;
				CLANG_ENABLE_OBJC_ARC = YES;
				CLANG_WARN_BOOL_CONVERSION = YES;
				CLANG_WARN_CONSTANT_CONVERSION = YES;
				CLANG_WARN_DIRECT_OBJC_ISA_USAGE = YES_ERROR;
				CLANG_WARN_EMPTY_BODY = YES;
				CLANG_WARN_ENUM_CONVERSION = YES;
				CLANG_WARN_INT_CONVERSION = YES;
				CLANG_WARN_OBJC_ROOT_CLASS = YES_ERROR;
				CLANG_WARN__DUPLICATE_METHOD_MATCH = YES;
				"CODE_SIGN_IDENTITY[sdk=iphoneos*]" = "iPhone Developer";
				COPY_PHASE_STRIP = YES;
				ENABLE_NS_ASSERTIONS = NO;
				GCC_C_LANGUAGE_STANDARD = gnu99;
				GCC_WARN_64_TO_32_BIT_CONVERSION = YES;
				GCC_WARN_ABOUT_RETURN_TYPE = YES_ERROR;
				GCC_WARN_UNDECLARED_SELECTOR = YES;
				GCC_WARN_UNINITIALIZED_AUTOS = YES_AGGRESSIVE;
				GCC_WARN_UNUSED_FUNCTION = YES;
				GCC_WARN_UNUSED_VARIABLE = YES;
				IPHONEOS_DEPLOYMENT_TARGET = 8.0;
				SDKROOT = iphoneos;
				TARGETED_DEVICE_FAMILY = "1,2";
				VALIDATE_PRODUCT = YES;
			};
			name = Release;
		};
		8A95577118EF614400469480 /* Debug */ = {
			isa = XCBuildConfiguration;
			baseConfigurationReference = 3B51BA624DBE3F73916DF38A /* Pods.debug.xcconfig */;
			buildSettings = {
				ASSETCATALOG_COMPILER_APPICON_NAME = AppIcon;
				ASSETCATALOG_COMPILER_LAUNCHIMAGE_NAME = LaunchImage;
				CODE_SIGN_ENTITLEMENTS = OweIt.entitlements;
				CODE_SIGN_IDENTITY = "iPhone Developer";
				"CODE_SIGN_IDENTITY[sdk=iphoneos*]" = "iPhone Developer";
				FRAMEWORK_SEARCH_PATHS = (
					"$(inherited)",
					"$(PROJECT_DIR)/WhatIOwe/Instabug",
				);
				GCC_PRECOMPILE_PREFIX_HEADER = YES;
				GCC_PREFIX_HEADER = "WhatIOwe/PayUp-Prefix.pch";
				INFOPLIST_FILE = "WhatIOwe/PayUp-Info.plist";
				IPHONEOS_DEPLOYMENT_TARGET = 7.0;
				LIBRARY_SEARCH_PATHS = (
					"$(inherited)",
					"$(PROJECT_DIR)/WhatIOwe",
				);
				PRODUCT_NAME = PayUp;
				PROVISIONING_PROFILE = "";
				TARGETED_DEVICE_FAMILY = 1;
				WRAPPER_EXTENSION = app;
			};
			name = Debug;
		};
		8A95577218EF614400469480 /* Release */ = {
			isa = XCBuildConfiguration;
			baseConfigurationReference = 146122C4007F8088BC023479 /* Pods.release.xcconfig */;
			buildSettings = {
				ASSETCATALOG_COMPILER_APPICON_NAME = AppIcon;
				ASSETCATALOG_COMPILER_LAUNCHIMAGE_NAME = LaunchImage;
				CODE_SIGN_ENTITLEMENTS = OweIt.entitlements;
				CODE_SIGN_IDENTITY = "iPhone Developer";
				"CODE_SIGN_IDENTITY[sdk=iphoneos*]" = "iPhone Developer";
				FRAMEWORK_SEARCH_PATHS = (
					"$(inherited)",
					"$(PROJECT_DIR)/WhatIOwe/Instabug",
				);
				GCC_PRECOMPILE_PREFIX_HEADER = YES;
				GCC_PREFIX_HEADER = "WhatIOwe/PayUp-Prefix.pch";
				INFOPLIST_FILE = "WhatIOwe/PayUp-Info.plist";
				IPHONEOS_DEPLOYMENT_TARGET = 7.0;
				LIBRARY_SEARCH_PATHS = (
					"$(inherited)",
					"$(PROJECT_DIR)/WhatIOwe",
				);
				PRODUCT_NAME = PayUp;
				PROVISIONING_PROFILE = "";
				TARGETED_DEVICE_FAMILY = 1;
				WRAPPER_EXTENSION = app;
			};
			name = Release;
		};
		8A95577418EF614400469480 /* Debug */ = {
			isa = XCBuildConfiguration;
			buildSettings = {
				BUNDLE_LOADER = "$(BUILT_PRODUCTS_DIR)/WhatIOwe.app/WhatIOwe";
				FRAMEWORK_SEARCH_PATHS = (
					"$(SDKROOT)/Developer/Library/Frameworks",
					"$(inherited)",
					"$(DEVELOPER_FRAMEWORKS_DIR)",
				);
				GCC_PRECOMPILE_PREFIX_HEADER = YES;
				GCC_PREFIX_HEADER = "WhatIOwe/WhatIOwe-Prefix.pch";
				GCC_PREPROCESSOR_DEFINITIONS = (
					"DEBUG=1",
					"$(inherited)",
				);
				INFOPLIST_FILE = "WhatIOweTests/PayUpTests-Info.plist";
				PRODUCT_NAME = PayUpTests;
				TEST_HOST = "$(BUNDLE_LOADER)";
				WRAPPER_EXTENSION = xctest;
			};
			name = Debug;
		};
		8A95577518EF614400469480 /* Release */ = {
			isa = XCBuildConfiguration;
			buildSettings = {
				BUNDLE_LOADER = "$(BUILT_PRODUCTS_DIR)/WhatIOwe.app/WhatIOwe";
				FRAMEWORK_SEARCH_PATHS = (
					"$(SDKROOT)/Developer/Library/Frameworks",
					"$(inherited)",
					"$(DEVELOPER_FRAMEWORKS_DIR)",
				);
				GCC_PRECOMPILE_PREFIX_HEADER = YES;
				GCC_PREFIX_HEADER = "WhatIOwe/WhatIOwe-Prefix.pch";
				INFOPLIST_FILE = "WhatIOweTests/PayUpTests-Info.plist";
				PRODUCT_NAME = PayUpTests;
				TEST_HOST = "$(BUNDLE_LOADER)";
				WRAPPER_EXTENSION = xctest;
			};
			name = Release;
		};
		8AD068A61AB1EB43000190B9 /* Debug */ = {
			isa = XCBuildConfiguration;
			buildSettings = {
				ASSETCATALOG_COMPILER_APPICON_NAME = AppIcon;
				ASSETCATALOG_COMPILER_LAUNCHIMAGE_NAME = LaunchImage;
				CLANG_WARN_UNREACHABLE_CODE = YES;
				CODE_SIGN_ENTITLEMENTS = "PayUp-Today/PayUp-Today.entitlements";
				CODE_SIGN_IDENTITY = "iPhone Developer";
				"CODE_SIGN_IDENTITY[sdk=iphoneos*]" = "iPhone Developer";
				ENABLE_STRICT_OBJC_MSGSEND = YES;
				GCC_PREPROCESSOR_DEFINITIONS = (
					"DEBUG=1",
					"$(inherited)",
				);
				INFOPLIST_FILE = "PayUp-Today/Info.plist";
				IPHONEOS_DEPLOYMENT_TARGET = 8.1;
				LD_RUNPATH_SEARCH_PATHS = "$(inherited) @executable_path/Frameworks @executable_path/../../Frameworks";
				MTL_ENABLE_DEBUG_INFO = YES;
				PRODUCT_NAME = PayUp;
				PROVISIONING_PROFILE = "";
				SKIP_INSTALL = YES;
				TARGETED_DEVICE_FAMILY = 1;
			};
			name = Debug;
		};
		8AD068A71AB1EB43000190B9 /* Release */ = {
			isa = XCBuildConfiguration;
			buildSettings = {
				ASSETCATALOG_COMPILER_APPICON_NAME = AppIcon;
				ASSETCATALOG_COMPILER_LAUNCHIMAGE_NAME = LaunchImage;
				CLANG_WARN_UNREACHABLE_CODE = YES;
				CODE_SIGN_ENTITLEMENTS = "PayUp-Today/PayUp-Today.entitlements";
				CODE_SIGN_IDENTITY = "iPhone Developer";
				"CODE_SIGN_IDENTITY[sdk=iphoneos*]" = "iPhone Developer";
				ENABLE_STRICT_OBJC_MSGSEND = YES;
				INFOPLIST_FILE = "PayUp-Today/Info.plist";
				IPHONEOS_DEPLOYMENT_TARGET = 8.1;
				LD_RUNPATH_SEARCH_PATHS = "$(inherited) @executable_path/Frameworks @executable_path/../../Frameworks";
				MTL_ENABLE_DEBUG_INFO = NO;
				PRODUCT_NAME = PayUp;
				PROVISIONING_PROFILE = "";
				SKIP_INSTALL = YES;
				TARGETED_DEVICE_FAMILY = 1;
			};
			name = Release;
		};
/* End XCBuildConfiguration section */

/* Begin XCConfigurationList section */
		8A95572D18EF614400469480 /* Build configuration list for PBXProject "PayUp" */ = {
			isa = XCConfigurationList;
			buildConfigurations = (
				8A95576E18EF614400469480 /* Debug */,
				8A95576F18EF614400469480 /* Release */,
			);
			defaultConfigurationIsVisible = 0;
			defaultConfigurationName = Release;
		};
		8A95577018EF614400469480 /* Build configuration list for PBXNativeTarget "PayUp" */ = {
			isa = XCConfigurationList;
			buildConfigurations = (
				8A95577118EF614400469480 /* Debug */,
				8A95577218EF614400469480 /* Release */,
			);
			defaultConfigurationIsVisible = 0;
			defaultConfigurationName = Release;
		};
		8A95577318EF614400469480 /* Build configuration list for PBXNativeTarget "PayUpTests" */ = {
			isa = XCConfigurationList;
			buildConfigurations = (
				8A95577418EF614400469480 /* Debug */,
				8A95577518EF614400469480 /* Release */,
			);
			defaultConfigurationIsVisible = 0;
			defaultConfigurationName = Release;
		};
		8AD068A81AB1EB43000190B9 /* Build configuration list for PBXNativeTarget "PayUp-Today" */ = {
			isa = XCConfigurationList;
			buildConfigurations = (
				8AD068A61AB1EB43000190B9 /* Debug */,
				8AD068A71AB1EB43000190B9 /* Release */,
			);
			defaultConfigurationIsVisible = 0;
			defaultConfigurationName = Release;
		};
/* End XCConfigurationList section */

/* Begin XCVersionGroup section */
		8A95574F18EF614400469480 /* WhatIOwe.xcdatamodeld */ = {
			isa = XCVersionGroup;
			children = (
				8A3F330519DE4B810075ECC2 /* WhatIOwe 4.xcdatamodel */,
				8AE3309F19DB268A00F93648 /* WhatIOwe 3.xcdatamodel */,
				8A34E69619CB702600D19F3A /* WhatIOwe 2.xcdatamodel */,
				8A95575018EF614400469480 /* WhatIOwe.xcdatamodel */,
			);
			currentVersion = 8A3F330519DE4B810075ECC2 /* WhatIOwe 4.xcdatamodel */;
			path = WhatIOwe.xcdatamodeld;
			sourceTree = "<group>";
			versionGroupType = wrapper.xcdatamodel;
		};
/* End XCVersionGroup section */
	};
	rootObject = 8A95572A18EF614400469480 /* Project object */;
}
